PODS:
  - AFNetworking (2.4.1):
    - AFNetworking/NSURLConnection (= 2.4.1)
    - AFNetworking/NSURLSession (= 2.4.1)
    - AFNetworking/Reachability (= 2.4.1)
    - AFNetworking/Security (= 2.4.1)
    - AFNetworking/Serialization (= 2.4.1)
    - AFNetworking/UIKit (= 2.4.1)
  - AFNetworking/NSURLConnection (2.4.1):
    - AFNetworking/Reachability
    - AFNetworking/Security
    - AFNetworking/Serialization
  - AFNetworking/NSURLSession (2.4.1):
    - AFNetworking/Reachability
    - AFNetworking/Security
    - AFNetworking/Serialization
  - AFNetworking/Reachability (2.4.1)
  - AFNetworking/Security (2.4.1)
  - AFNetworking/Serialization (2.4.1)
  - AFNetworking/UIKit (2.4.1):
    - AFNetworking/NSURLConnection
    - AFNetworking/NSURLSession
  - Aspects (1.4.1)
  - CocoaAsyncSocket (7.6.4)
  - lottie-ios (2.5.3)
  - Masonry (1.1.0)
  - MJExtension (3.0.15.1)
  - MJRefresh (3.7.5)
  - ReactiveObjC (3.1.1)
  - Realm (5.3.5):
    - Realm/Headers (= 5.3.5)
  - Realm/Headers (5.3.5)
  - SDWebImage (5.7.2):
    - SDWebImage/Core (= 5.7.2)
  - SDWebImage/Core (5.7.2)
  - TXBaseKit (0.2.8)
  - TXCategoryKit (0.3.1):
    - Aspects
    - TXCategoryKit/Foundation (= 0.3.1)
    - TXCategoryKit/UIKit (= 0.3.1)
  - TXCategoryKit/Foundation (0.3.1):
    - Aspects
    - TXCategoryKit/Foundation/NSString (= 0.3.1)
  - TXCategoryKit/Foundation/NSString (0.3.1):
    - Aspects
  - TXCategoryKit/UIKit (0.3.1):
    - Aspects
    - TXCategoryKit/UIKit/UIButton (= 0.3.1)
    - TXCategoryKit/UIKit/UIColor (= 0.3.1)
    - TXCategoryKit/UIKit/UIImage (= 0.3.1)
    - TXCategoryKit/UIKit/UIView (= 0.3.1)
  - TXCategoryKit/UIKit/UIButton (0.3.1):
    - Aspects
  - TXCategoryKit/UIKit/UIColor (0.3.1):
    - Aspects
  - TXCategoryKit/UIKit/UIImage (0.3.1):
    - Aspects
  - TXCategoryKit/UIKit/UIView (0.3.1):
    - Aspects
  - TXCommonKit (0.2.3)
  - YBImageBrowser (3.0.9):
    - YBImageBrowser/Core (= 3.0.9)
  - YBImageBrowser/Core (3.0.9):
    - SDWebImage (>= 5.0.0)
    - YYImage
  - YBImageBrowser/Video (3.0.9):
    - YBImageBrowser/Core
  - YYImage (1.0.4):
    - YYImage/Core (= 1.0.4)
  - YYImage/Core (1.0.4)

DEPENDENCIES:
  - AFNetworking (~> 2.4.1)
  - Aspects
  - CocoaAsyncSocket
  - lottie-ios (~> 2.5.3)
  - Masonry
  - MJExtension
  - MJRefresh
  - ReactiveObjC
  - Realm
  - TXBaseKit (= 0.2.8)
  - TXCategoryKit (= 0.3.1)
  - TXCommonKit (= 0.2.3)
  - YBImageBrowser
  - YBImageBrowser/Video

SPEC REPOS:
  https://github.com/CocoaPods/Specs.git:
    - AFNetworking
    - Aspects
    - CocoaAsyncSocket
    - Masonry
    - MJExtension
    - MJRefresh
    - ReactiveObjC
    - Realm
    - SDWebImage
    - TXBaseKit
    - TXCategoryKit
    - TXCommonKit
    - YBImageBrowser
    - YYImage
  trunk:
    - lottie-ios

SPEC CHECKSUMS:
  AFNetworking: 41d45d2c14219af0fa5addf3cfd433a002c13c9f
  Aspects: 7595ba96a6727a58ebcbfc954497fc5d2fdde546
  CocoaAsyncSocket: 694058e7c0ed05a9e217d1b3c7ded962f4180845
  lottie-ios: a50d5c0160425cd4b01b852bb9578963e6d92d31
  Masonry: 678fab65091a9290e40e2832a55e7ab731aad201
  MJExtension: 19bc33ce2eee2d319760f5622562cf581a6ff756
  MJRefresh: fdf5e979eb406a0341468932d1dfc8b7f9fce961
  ReactiveObjC: 011caa393aa0383245f2dcf9bf02e86b80b36040
  Realm: 2b52fcc86fc0ed3d75a56ac0eb1e73c4f1a60e16
  SDWebImage: d9ea4959d99c52276dfada481987018fcaea3d58
  TXBaseKit: b07d14c7c48a863e8a5a1796b76dfc4992ee8397
  TXCategoryKit: e5d1cce2e9d64fdfc1bc3ef69aa8e19747815880
  TXCommonKit: fb9d0826ec8a854fd72e98382a1514641becdba4
  YBImageBrowser: 7ecc8bf33ffa5f3b94c397c29b4f3638dd37f527
  YYImage: 1e1b62a9997399593e4b9c4ecfbbabbf1d3f3b54

PODFILE CHECKSUM: a541b3d0277e3e08a657a0b2a8f9dbcf98db81ec

COCOAPODS: 1.11.3
