// !$*UTF8*$!
{
	archiveVersion = 1;
	classes = {
	};
	objectVersion = 48;
	objects = {

/* Begin PBXBuildFile section */
		EA5B67E1D4EA6F0AF71212FD /* libPods-Demo.a in Frameworks */ = {isa = PBXBuildFile; fileRef = D9508E5367DC2F3562C8F578 /* libPods-Demo.a */; };
		F55DB6B620CA2DB9003837CA /* TableViewDeleteCell.m in Sources */ = {isa = PBXBuildFile; fileRef = F55DB6B520CA2DB9003837CA /* TableViewDeleteCell.m */; };
		F57EBFAD201F0BD20062A4AA /* UIView+AtzucheUIView.m in Sources */ = {isa = PBXBuildFile; fileRef = F57EBFAB201F0BD10062A4AA /* UIView+AtzucheUIView.m */; };
		F59567811FAB4AD20068A04F /* Assets.xcassets in Resources */ = {isa = PBXBuildFile; fileRef = F59567801FAB4AD20068A04F /* Assets.xcassets */; };
		F59567871FAB4AD20068A04F /* main.m in Sources */ = {isa = PBXBuildFile; fileRef = F59567861FAB4AD20068A04F /* main.m */; };
		F59567911FAB4AD20068A04F /* DemoTests.m in Sources */ = {isa = PBXBuildFile; fileRef = F59567901FAB4AD20068A04F /* DemoTests.m */; };
		F595679C1FAB4AD20068A04F /* DemoUITests.m in Sources */ = {isa = PBXBuildFile; fileRef = F595679B1FAB4AD20068A04F /* DemoUITests.m */; };
		F599D7812019753800D33834 /* AppDelegate.m in Sources */ = {isa = PBXBuildFile; fileRef = F599D7792019753800D33834 /* AppDelegate.m */; };
		F599D7912019BA8D00D33834 /* UIColor+AtzucheColor.m in Sources */ = {isa = PBXBuildFile; fileRef = F599D7902019BA8D00D33834 /* UIColor+AtzucheColor.m */; };
		F5E3035B20C13AF3001F11EC /* CellAddCollectionViewController.m in Sources */ = {isa = PBXBuildFile; fileRef = F5E3031020C13AF3001F11EC /* CellAddCollectionViewController.m */; };
		F5E3035C20C13AF3001F11EC /* testTableViewCell.m in Sources */ = {isa = PBXBuildFile; fileRef = F5E3031220C13AF3001F11EC /* testTableViewCell.m */; };
		F5E3035D20C13AF3001F11EC /* textCollectionViewCell.m in Sources */ = {isa = PBXBuildFile; fileRef = F5E3031420C13AF3001F11EC /* textCollectionViewCell.m */; };
		F5E3035E20C13AF3001F11EC /* ATCollectionViewDemoVC.m in Sources */ = {isa = PBXBuildFile; fileRef = F5E3031720C13AF3001F11EC /* ATCollectionViewDemoVC.m */; };
		F5E3035F20C13AF3001F11EC /* AtzucheChooseCarFlowLayout.m in Sources */ = {isa = PBXBuildFile; fileRef = F5E3031A20C13AF3001F11EC /* AtzucheChooseCarFlowLayout.m */; };
		F5E3036020C13AF3001F11EC /* AtzucheHomeChooseCarCollectionCell.m in Sources */ = {isa = PBXBuildFile; fileRef = F5E3031C20C13AF3001F11EC /* AtzucheHomeChooseCarCollectionCell.m */; };
		F5E3036120C13AF3001F11EC /* AtzucheHomeChooseCarCollectionView.m in Sources */ = {isa = PBXBuildFile; fileRef = F5E3031E20C13AF3001F11EC /* AtzucheHomeChooseCarCollectionView.m */; };
		F5E3036220C13AF3001F11EC /* AtzucheHomeNaviView.m in Sources */ = {isa = PBXBuildFile; fileRef = F5E3032120C13AF3001F11EC /* AtzucheHomeNaviView.m */; };
		F5E3036320C13AF3001F11EC /* AtzucheHomeCollectionHeaderView.m in Sources */ = {isa = PBXBuildFile; fileRef = F5E3032420C13AF3001F11EC /* AtzucheHomeCollectionHeaderView.m */; };
		F5E3036420C13AF3001F11EC /* AtzucheHomeTitleCollectionCell.m in Sources */ = {isa = PBXBuildFile; fileRef = F5E3032620C13AF3001F11EC /* AtzucheHomeTitleCollectionCell.m */; };
		F5E3036520C13AF3001F11EC /* AtzucheHomeTitleCollectionView.m in Sources */ = {isa = PBXBuildFile; fileRef = F5E3032820C13AF3001F11EC /* AtzucheHomeTitleCollectionView.m */; };
		F5E3036620C13AF3001F11EC /* AtzucheHomeTitleFlowLayout.m in Sources */ = {isa = PBXBuildFile; fileRef = F5E3032A20C13AF3001F11EC /* AtzucheHomeTitleFlowLayout.m */; };
		F5E3036720C13AF3001F11EC /* AtzucheHomeTitleViewController.m in Sources */ = {isa = PBXBuildFile; fileRef = F5E3032C20C13AF3001F11EC /* AtzucheHomeTitleViewController.m */; };
		F5E3036820C13AF3001F11EC /* AtzucheCycleScrollView.m in Sources */ = {isa = PBXBuildFile; fileRef = F5E3032F20C13AF3001F11EC /* AtzucheCycleScrollView.m */; };
		F5E3036920C13AF3001F11EC /* 使用方法 in Resources */ = {isa = PBXBuildFile; fileRef = F5E3033020C13AF3001F11EC /* 使用方法 */; };
		F5E3036A20C13AF3001F11EC /* CycleScrollView.m in Sources */ = {isa = PBXBuildFile; fileRef = F5E3033320C13AF3001F11EC /* CycleScrollView.m */; };
		F5E3036B20C13AF3001F11EC /* NSTimer+Add.m in Sources */ = {isa = PBXBuildFile; fileRef = F5E3033520C13AF3001F11EC /* NSTimer+Add.m */; };
		F5E3036C20C13AF3001F11EC /* AtzucheHomeCityCollectionCell.m in Sources */ = {isa = PBXBuildFile; fileRef = F5E3033920C13AF3001F11EC /* AtzucheHomeCityCollectionCell.m */; };
		F5E3036D20C13AF3001F11EC /* AtzucheHomeCityCollectionView.m in Sources */ = {isa = PBXBuildFile; fileRef = F5E3033B20C13AF3001F11EC /* AtzucheHomeCityCollectionView.m */; };
		F5E3036E20C13AF3001F11EC /* AtzucheHomeCityFlowLayout.m in Sources */ = {isa = PBXBuildFile; fileRef = F5E3033D20C13AF3001F11EC /* AtzucheHomeCityFlowLayout.m */; };
		F5E3036F20C13AF3001F11EC /* AtItemCollectionView.m in Sources */ = {isa = PBXBuildFile; fileRef = F5E3034120C13AF3001F11EC /* AtItemCollectionView.m */; };
		F5E3037020C13AF3001F11EC /* AtItemCollectionViewCell.m in Sources */ = {isa = PBXBuildFile; fileRef = F5E3034320C13AF3001F11EC /* AtItemCollectionViewCell.m */; };
		F5E3037120C13AF3001F11EC /* AtItemTableViewCell.m in Sources */ = {isa = PBXBuildFile; fileRef = F5E3034520C13AF3001F11EC /* AtItemTableViewCell.m */; };
		F5E3037220C13AF3001F11EC /* HorizontalCollectionViewController.m in Sources */ = {isa = PBXBuildFile; fileRef = F5E3034720C13AF3001F11EC /* HorizontalCollectionViewController.m */; };
		F5E3037320C13AF3001F11EC /* PhoneFontViewController.m in Sources */ = {isa = PBXBuildFile; fileRef = F5E3034A20C13AF3001F11EC /* PhoneFontViewController.m */; };
		F5E3037420C13AF3001F11EC /* AtzucheRefreshStateHeader.m in Sources */ = {isa = PBXBuildFile; fileRef = F5E3034D20C13AF3001F11EC /* AtzucheRefreshStateHeader.m */; };
		F5E3037520C13AF3001F11EC /* MJDIYHeader.m in Sources */ = {isa = PBXBuildFile; fileRef = F5E3034F20C13AF3001F11EC /* MJDIYHeader.m */; };
		F5E3037620C13AF3001F11EC /* MJIphoneXViewController.m in Sources */ = {isa = PBXBuildFile; fileRef = F5E3035120C13AF3001F11EC /* MJIphoneXViewController.m */; };
		F5E3037720C13AF3001F11EC /* TableViewDeleteViewController.m in Sources */ = {isa = PBXBuildFile; fileRef = F5E3035420C13AF3001F11EC /* TableViewDeleteViewController.m */; };
		F5E3037820C13AF3001F11EC /* NNValidationCodeView.m in Sources */ = {isa = PBXBuildFile; fileRef = F5E3035720C13AF3001F11EC /* NNValidationCodeView.m */; };
		F5E3037920C13AF3001F11EC /* WKWebViewController.m in Sources */ = {isa = PBXBuildFile; fileRef = F5E3035A20C13AF3001F11EC /* WKWebViewController.m */; };
		F5E3038A20C13D09001F11EC /* DemoTableViewCell.m in Sources */ = {isa = PBXBuildFile; fileRef = F5E3038020C13D09001F11EC /* DemoTableViewCell.m */; };
		F5E3038B20C13D09001F11EC /* SecondViewController.m in Sources */ = {isa = PBXBuildFile; fileRef = F5E3038220C13D09001F11EC /* SecondViewController.m */; };
		F5E3038C20C13D09001F11EC /* ViewController.m in Sources */ = {isa = PBXBuildFile; fileRef = F5E3038420C13D09001F11EC /* ViewController.m */; };
		F5E3038D20C13D09001F11EC /* Country.m in Sources */ = {isa = PBXBuildFile; fileRef = F5E3038720C13D09001F11EC /* Country.m */; };
		F5E3038E20C13D09001F11EC /* Person.m in Sources */ = {isa = PBXBuildFile; fileRef = F5E3038920C13D09001F11EC /* Person.m */; };
		F5E3039220C13D59001F11EC /* LaunchScreen.storyboard in Resources */ = {isa = PBXBuildFile; fileRef = F5E3039020C13D59001F11EC /* LaunchScreen.storyboard */; };
		F5E3039320C13D59001F11EC /* Main.storyboard in Resources */ = {isa = PBXBuildFile; fileRef = F5E3039120C13D59001F11EC /* Main.storyboard */; };
		F5E3039620C13FE7001F11EC /* DadViewController.m in Sources */ = {isa = PBXBuildFile; fileRef = F5E3039520C13FE7001F11EC /* DadViewController.m */; };
		F5E9A621201F19B7000851B0 /* NJTitleButton.m in Sources */ = {isa = PBXBuildFile; fileRef = F5E9A61F201F19B6000851B0 /* NJTitleButton.m */; };
		F5FD32C520C4D1C90049B79B /* AtzucheCustomTipView.m in Sources */ = {isa = PBXBuildFile; fileRef = F5FD32C420C4D1C90049B79B /* AtzucheCustomTipView.m */; };
/* End PBXBuildFile section */

/* Begin PBXContainerItemProxy section */
		F595678D1FAB4AD20068A04F /* PBXContainerItemProxy */ = {
			isa = PBXContainerItemProxy;
			containerPortal = F595676C1FAB4AD20068A04F /* Project object */;
			proxyType = 1;
			remoteGlobalIDString = F59567731FAB4AD20068A04F;
			remoteInfo = Demo;
		};
		F59567981FAB4AD20068A04F /* PBXContainerItemProxy */ = {
			isa = PBXContainerItemProxy;
			containerPortal = F595676C1FAB4AD20068A04F /* Project object */;
			proxyType = 1;
			remoteGlobalIDString = F59567731FAB4AD20068A04F;
			remoteInfo = Demo;
		};
/* End PBXContainerItemProxy section */

/* Begin PBXFileReference section */
		69B2EA328EB0A39820DDBEDC /* Pods-Demo.debug.xcconfig */ = {isa = PBXFileReference; includeInIndex = 1; lastKnownFileType = text.xcconfig; name = "Pods-Demo.debug.xcconfig"; path = "Pods/Target Support Files/Pods-Demo/Pods-Demo.debug.xcconfig"; sourceTree = "<group>"; };
		C1A3EC334A534427B4F75C41 /* Pods-Demo.release.xcconfig */ = {isa = PBXFileReference; includeInIndex = 1; lastKnownFileType = text.xcconfig; name = "Pods-Demo.release.xcconfig"; path = "Pods/Target Support Files/Pods-Demo/Pods-Demo.release.xcconfig"; sourceTree = "<group>"; };
		D9508E5367DC2F3562C8F578 /* libPods-Demo.a */ = {isa = PBXFileReference; explicitFileType = archive.ar; includeInIndex = 0; path = "libPods-Demo.a"; sourceTree = BUILT_PRODUCTS_DIR; };
		F55DB6B420CA2DB9003837CA /* TableViewDeleteCell.h */ = {isa = PBXFileReference; lastKnownFileType = sourcecode.c.h; path = TableViewDeleteCell.h; sourceTree = "<group>"; };
		F55DB6B520CA2DB9003837CA /* TableViewDeleteCell.m */ = {isa = PBXFileReference; lastKnownFileType = sourcecode.c.objc; path = TableViewDeleteCell.m; sourceTree = "<group>"; };
		F57EBFAB201F0BD10062A4AA /* UIView+AtzucheUIView.m */ = {isa = PBXFileReference; fileEncoding = 4; lastKnownFileType = sourcecode.c.objc; path = "UIView+AtzucheUIView.m"; sourceTree = "<group>"; };
		F57EBFAC201F0BD10062A4AA /* UIView+AtzucheUIView.h */ = {isa = PBXFileReference; fileEncoding = 4; lastKnownFileType = sourcecode.c.h; path = "UIView+AtzucheUIView.h"; sourceTree = "<group>"; };
		F59567741FAB4AD20068A04F /* Demo.app */ = {isa = PBXFileReference; explicitFileType = wrapper.application; includeInIndex = 0; path = Demo.app; sourceTree = BUILT_PRODUCTS_DIR; };
		F59567801FAB4AD20068A04F /* Assets.xcassets */ = {isa = PBXFileReference; lastKnownFileType = folder.assetcatalog; path = Assets.xcassets; sourceTree = "<group>"; };
		F59567851FAB4AD20068A04F /* Info.plist */ = {isa = PBXFileReference; lastKnownFileType = text.plist.xml; path = Info.plist; sourceTree = "<group>"; };
		F59567861FAB4AD20068A04F /* main.m */ = {isa = PBXFileReference; lastKnownFileType = sourcecode.c.objc; path = main.m; sourceTree = "<group>"; };
		F595678C1FAB4AD20068A04F /* DemoTests.xctest */ = {isa = PBXFileReference; explicitFileType = wrapper.cfbundle; includeInIndex = 0; path = DemoTests.xctest; sourceTree = BUILT_PRODUCTS_DIR; };
		F59567901FAB4AD20068A04F /* DemoTests.m */ = {isa = PBXFileReference; lastKnownFileType = sourcecode.c.objc; path = DemoTests.m; sourceTree = "<group>"; };
		F59567921FAB4AD20068A04F /* Info.plist */ = {isa = PBXFileReference; lastKnownFileType = text.plist.xml; path = Info.plist; sourceTree = "<group>"; };
		F59567971FAB4AD20068A04F /* DemoUITests.xctest */ = {isa = PBXFileReference; explicitFileType = wrapper.cfbundle; includeInIndex = 0; path = DemoUITests.xctest; sourceTree = BUILT_PRODUCTS_DIR; };
		F595679B1FAB4AD20068A04F /* DemoUITests.m */ = {isa = PBXFileReference; lastKnownFileType = sourcecode.c.objc; path = DemoUITests.m; sourceTree = "<group>"; };
		F595679D1FAB4AD20068A04F /* Info.plist */ = {isa = PBXFileReference; lastKnownFileType = text.plist.xml; path = Info.plist; sourceTree = "<group>"; };
		F599D7782019753800D33834 /* AppDelegate.h */ = {isa = PBXFileReference; fileEncoding = 4; lastKnownFileType = sourcecode.c.h; path = AppDelegate.h; sourceTree = "<group>"; };
		F599D7792019753800D33834 /* AppDelegate.m */ = {isa = PBXFileReference; fileEncoding = 4; lastKnownFileType = sourcecode.c.objc; path = AppDelegate.m; sourceTree = "<group>"; };
		F599D7832019754500D33834 /* Demo.pch */ = {isa = PBXFileReference; fileEncoding = 4; lastKnownFileType = sourcecode.c.h; path = Demo.pch; sourceTree = "<group>"; };
		F599D78F2019BA8D00D33834 /* UIColor+AtzucheColor.h */ = {isa = PBXFileReference; fileEncoding = 4; lastKnownFileType = sourcecode.c.h; path = "UIColor+AtzucheColor.h"; sourceTree = "<group>"; };
		F599D7902019BA8D00D33834 /* UIColor+AtzucheColor.m */ = {isa = PBXFileReference; fileEncoding = 4; lastKnownFileType = sourcecode.c.objc; path = "UIColor+AtzucheColor.m"; sourceTree = "<group>"; };
		F5E3030F20C13AF3001F11EC /* CellAddCollectionViewController.h */ = {isa = PBXFileReference; fileEncoding = 4; lastKnownFileType = sourcecode.c.h; path = CellAddCollectionViewController.h; sourceTree = "<group>"; };
		F5E3031020C13AF3001F11EC /* CellAddCollectionViewController.m */ = {isa = PBXFileReference; fileEncoding = 4; lastKnownFileType = sourcecode.c.objc; path = CellAddCollectionViewController.m; sourceTree = "<group>"; };
		F5E3031120C13AF3001F11EC /* testTableViewCell.h */ = {isa = PBXFileReference; fileEncoding = 4; lastKnownFileType = sourcecode.c.h; path = testTableViewCell.h; sourceTree = "<group>"; };
		F5E3031220C13AF3001F11EC /* testTableViewCell.m */ = {isa = PBXFileReference; fileEncoding = 4; lastKnownFileType = sourcecode.c.objc; path = testTableViewCell.m; sourceTree = "<group>"; };
		F5E3031320C13AF3001F11EC /* textCollectionViewCell.h */ = {isa = PBXFileReference; fileEncoding = 4; lastKnownFileType = sourcecode.c.h; path = textCollectionViewCell.h; sourceTree = "<group>"; };
		F5E3031420C13AF3001F11EC /* textCollectionViewCell.m */ = {isa = PBXFileReference; fileEncoding = 4; lastKnownFileType = sourcecode.c.objc; path = textCollectionViewCell.m; sourceTree = "<group>"; };
		F5E3031620C13AF3001F11EC /* ATCollectionViewDemoVC.h */ = {isa = PBXFileReference; fileEncoding = 4; lastKnownFileType = sourcecode.c.h; path = ATCollectionViewDemoVC.h; sourceTree = "<group>"; };
		F5E3031720C13AF3001F11EC /* ATCollectionViewDemoVC.m */ = {isa = PBXFileReference; fileEncoding = 4; lastKnownFileType = sourcecode.c.objc; path = ATCollectionViewDemoVC.m; sourceTree = "<group>"; };
		F5E3031920C13AF3001F11EC /* AtzucheChooseCarFlowLayout.h */ = {isa = PBXFileReference; fileEncoding = 4; lastKnownFileType = sourcecode.c.h; path = AtzucheChooseCarFlowLayout.h; sourceTree = "<group>"; };
		F5E3031A20C13AF3001F11EC /* AtzucheChooseCarFlowLayout.m */ = {isa = PBXFileReference; fileEncoding = 4; lastKnownFileType = sourcecode.c.objc; path = AtzucheChooseCarFlowLayout.m; sourceTree = "<group>"; };
		F5E3031B20C13AF3001F11EC /* AtzucheHomeChooseCarCollectionCell.h */ = {isa = PBXFileReference; fileEncoding = 4; lastKnownFileType = sourcecode.c.h; path = AtzucheHomeChooseCarCollectionCell.h; sourceTree = "<group>"; };
		F5E3031C20C13AF3001F11EC /* AtzucheHomeChooseCarCollectionCell.m */ = {isa = PBXFileReference; fileEncoding = 4; lastKnownFileType = sourcecode.c.objc; path = AtzucheHomeChooseCarCollectionCell.m; sourceTree = "<group>"; };
		F5E3031D20C13AF3001F11EC /* AtzucheHomeChooseCarCollectionView.h */ = {isa = PBXFileReference; fileEncoding = 4; lastKnownFileType = sourcecode.c.h; path = AtzucheHomeChooseCarCollectionView.h; sourceTree = "<group>"; };
		F5E3031E20C13AF3001F11EC /* AtzucheHomeChooseCarCollectionView.m */ = {isa = PBXFileReference; fileEncoding = 4; lastKnownFileType = sourcecode.c.objc; path = AtzucheHomeChooseCarCollectionView.m; sourceTree = "<group>"; };
		F5E3032020C13AF3001F11EC /* AtzucheHomeNaviView.h */ = {isa = PBXFileReference; fileEncoding = 4; lastKnownFileType = sourcecode.c.h; path = AtzucheHomeNaviView.h; sourceTree = "<group>"; };
		F5E3032120C13AF3001F11EC /* AtzucheHomeNaviView.m */ = {isa = PBXFileReference; fileEncoding = 4; lastKnownFileType = sourcecode.c.objc; path = AtzucheHomeNaviView.m; sourceTree = "<group>"; };
		F5E3032320C13AF3001F11EC /* AtzucheHomeCollectionHeaderView.h */ = {isa = PBXFileReference; fileEncoding = 4; lastKnownFileType = sourcecode.c.h; path = AtzucheHomeCollectionHeaderView.h; sourceTree = "<group>"; };
		F5E3032420C13AF3001F11EC /* AtzucheHomeCollectionHeaderView.m */ = {isa = PBXFileReference; fileEncoding = 4; lastKnownFileType = sourcecode.c.objc; path = AtzucheHomeCollectionHeaderView.m; sourceTree = "<group>"; };
		F5E3032520C13AF3001F11EC /* AtzucheHomeTitleCollectionCell.h */ = {isa = PBXFileReference; fileEncoding = 4; lastKnownFileType = sourcecode.c.h; path = AtzucheHomeTitleCollectionCell.h; sourceTree = "<group>"; };
		F5E3032620C13AF3001F11EC /* AtzucheHomeTitleCollectionCell.m */ = {isa = PBXFileReference; fileEncoding = 4; lastKnownFileType = sourcecode.c.objc; path = AtzucheHomeTitleCollectionCell.m; sourceTree = "<group>"; };
		F5E3032720C13AF3001F11EC /* AtzucheHomeTitleCollectionView.h */ = {isa = PBXFileReference; fileEncoding = 4; lastKnownFileType = sourcecode.c.h; path = AtzucheHomeTitleCollectionView.h; sourceTree = "<group>"; };
		F5E3032820C13AF3001F11EC /* AtzucheHomeTitleCollectionView.m */ = {isa = PBXFileReference; fileEncoding = 4; lastKnownFileType = sourcecode.c.objc; path = AtzucheHomeTitleCollectionView.m; sourceTree = "<group>"; };
		F5E3032920C13AF3001F11EC /* AtzucheHomeTitleFlowLayout.h */ = {isa = PBXFileReference; fileEncoding = 4; lastKnownFileType = sourcecode.c.h; path = AtzucheHomeTitleFlowLayout.h; sourceTree = "<group>"; };
		F5E3032A20C13AF3001F11EC /* AtzucheHomeTitleFlowLayout.m */ = {isa = PBXFileReference; fileEncoding = 4; lastKnownFileType = sourcecode.c.objc; path = AtzucheHomeTitleFlowLayout.m; sourceTree = "<group>"; };
		F5E3032B20C13AF3001F11EC /* AtzucheHomeTitleViewController.h */ = {isa = PBXFileReference; fileEncoding = 4; lastKnownFileType = sourcecode.c.h; path = AtzucheHomeTitleViewController.h; sourceTree = "<group>"; };
		F5E3032C20C13AF3001F11EC /* AtzucheHomeTitleViewController.m */ = {isa = PBXFileReference; fileEncoding = 4; lastKnownFileType = sourcecode.c.objc; path = AtzucheHomeTitleViewController.m; sourceTree = "<group>"; };
		F5E3032E20C13AF3001F11EC /* AtzucheCycleScrollView.h */ = {isa = PBXFileReference; fileEncoding = 4; lastKnownFileType = sourcecode.c.h; path = AtzucheCycleScrollView.h; sourceTree = "<group>"; };
		F5E3032F20C13AF3001F11EC /* AtzucheCycleScrollView.m */ = {isa = PBXFileReference; fileEncoding = 4; lastKnownFileType = sourcecode.c.objc; path = AtzucheCycleScrollView.m; sourceTree = "<group>"; };
		F5E3033020C13AF3001F11EC /* 使用方法 */ = {isa = PBXFileReference; fileEncoding = 4; lastKnownFileType = text; path = "使用方法"; sourceTree = "<group>"; };
		F5E3033220C13AF3001F11EC /* CycleScrollView.h */ = {isa = PBXFileReference; fileEncoding = 4; lastKnownFileType = sourcecode.c.h; path = CycleScrollView.h; sourceTree = "<group>"; };
		F5E3033320C13AF3001F11EC /* CycleScrollView.m */ = {isa = PBXFileReference; fileEncoding = 4; lastKnownFileType = sourcecode.c.objc; path = CycleScrollView.m; sourceTree = "<group>"; };
		F5E3033420C13AF3001F11EC /* NSTimer+Add.h */ = {isa = PBXFileReference; fileEncoding = 4; lastKnownFileType = sourcecode.c.h; path = "NSTimer+Add.h"; sourceTree = "<group>"; };
		F5E3033520C13AF3001F11EC /* NSTimer+Add.m */ = {isa = PBXFileReference; fileEncoding = 4; lastKnownFileType = sourcecode.c.objc; path = "NSTimer+Add.m"; sourceTree = "<group>"; };
		F5E3033820C13AF3001F11EC /* AtzucheHomeCityCollectionCell.h */ = {isa = PBXFileReference; fileEncoding = 4; lastKnownFileType = sourcecode.c.h; path = AtzucheHomeCityCollectionCell.h; sourceTree = "<group>"; };
		F5E3033920C13AF3001F11EC /* AtzucheHomeCityCollectionCell.m */ = {isa = PBXFileReference; fileEncoding = 4; lastKnownFileType = sourcecode.c.objc; path = AtzucheHomeCityCollectionCell.m; sourceTree = "<group>"; };
		F5E3033A20C13AF3001F11EC /* AtzucheHomeCityCollectionView.h */ = {isa = PBXFileReference; fileEncoding = 4; lastKnownFileType = sourcecode.c.h; path = AtzucheHomeCityCollectionView.h; sourceTree = "<group>"; };
		F5E3033B20C13AF3001F11EC /* AtzucheHomeCityCollectionView.m */ = {isa = PBXFileReference; fileEncoding = 4; lastKnownFileType = sourcecode.c.objc; path = AtzucheHomeCityCollectionView.m; sourceTree = "<group>"; };
		F5E3033C20C13AF3001F11EC /* AtzucheHomeCityFlowLayout.h */ = {isa = PBXFileReference; fileEncoding = 4; lastKnownFileType = sourcecode.c.h; path = AtzucheHomeCityFlowLayout.h; sourceTree = "<group>"; };
		F5E3033D20C13AF3001F11EC /* AtzucheHomeCityFlowLayout.m */ = {isa = PBXFileReference; fileEncoding = 4; lastKnownFileType = sourcecode.c.objc; path = AtzucheHomeCityFlowLayout.m; sourceTree = "<group>"; };
		F5E3034020C13AF3001F11EC /* AtItemCollectionView.h */ = {isa = PBXFileReference; fileEncoding = 4; lastKnownFileType = sourcecode.c.h; path = AtItemCollectionView.h; sourceTree = "<group>"; };
		F5E3034120C13AF3001F11EC /* AtItemCollectionView.m */ = {isa = PBXFileReference; fileEncoding = 4; lastKnownFileType = sourcecode.c.objc; path = AtItemCollectionView.m; sourceTree = "<group>"; };
		F5E3034220C13AF3001F11EC /* AtItemCollectionViewCell.h */ = {isa = PBXFileReference; fileEncoding = 4; lastKnownFileType = sourcecode.c.h; path = AtItemCollectionViewCell.h; sourceTree = "<group>"; };
		F5E3034320C13AF3001F11EC /* AtItemCollectionViewCell.m */ = {isa = PBXFileReference; fileEncoding = 4; lastKnownFileType = sourcecode.c.objc; path = AtItemCollectionViewCell.m; sourceTree = "<group>"; };
		F5E3034420C13AF3001F11EC /* AtItemTableViewCell.h */ = {isa = PBXFileReference; fileEncoding = 4; lastKnownFileType = sourcecode.c.h; path = AtItemTableViewCell.h; sourceTree = "<group>"; };
		F5E3034520C13AF3001F11EC /* AtItemTableViewCell.m */ = {isa = PBXFileReference; fileEncoding = 4; lastKnownFileType = sourcecode.c.objc; path = AtItemTableViewCell.m; sourceTree = "<group>"; };
		F5E3034620C13AF3001F11EC /* HorizontalCollectionViewController.h */ = {isa = PBXFileReference; fileEncoding = 4; lastKnownFileType = sourcecode.c.h; path = HorizontalCollectionViewController.h; sourceTree = "<group>"; };
		F5E3034720C13AF3001F11EC /* HorizontalCollectionViewController.m */ = {isa = PBXFileReference; fileEncoding = 4; lastKnownFileType = sourcecode.c.objc; path = HorizontalCollectionViewController.m; sourceTree = "<group>"; };
		F5E3034920C13AF3001F11EC /* PhoneFontViewController.h */ = {isa = PBXFileReference; fileEncoding = 4; lastKnownFileType = sourcecode.c.h; path = PhoneFontViewController.h; sourceTree = "<group>"; };
		F5E3034A20C13AF3001F11EC /* PhoneFontViewController.m */ = {isa = PBXFileReference; fileEncoding = 4; lastKnownFileType = sourcecode.c.objc; path = PhoneFontViewController.m; sourceTree = "<group>"; };
		F5E3034C20C13AF3001F11EC /* AtzucheRefreshStateHeader.h */ = {isa = PBXFileReference; fileEncoding = 4; lastKnownFileType = sourcecode.c.h; path = AtzucheRefreshStateHeader.h; sourceTree = "<group>"; };
		F5E3034D20C13AF3001F11EC /* AtzucheRefreshStateHeader.m */ = {isa = PBXFileReference; fileEncoding = 4; lastKnownFileType = sourcecode.c.objc; path = AtzucheRefreshStateHeader.m; sourceTree = "<group>"; };
		F5E3034E20C13AF3001F11EC /* MJDIYHeader.h */ = {isa = PBXFileReference; fileEncoding = 4; lastKnownFileType = sourcecode.c.h; path = MJDIYHeader.h; sourceTree = "<group>"; };
		F5E3034F20C13AF3001F11EC /* MJDIYHeader.m */ = {isa = PBXFileReference; fileEncoding = 4; lastKnownFileType = sourcecode.c.objc; path = MJDIYHeader.m; sourceTree = "<group>"; };
		F5E3035020C13AF3001F11EC /* MJIphoneXViewController.h */ = {isa = PBXFileReference; fileEncoding = 4; lastKnownFileType = sourcecode.c.h; path = MJIphoneXViewController.h; sourceTree = "<group>"; };
		F5E3035120C13AF3001F11EC /* MJIphoneXViewController.m */ = {isa = PBXFileReference; fileEncoding = 4; lastKnownFileType = sourcecode.c.objc; path = MJIphoneXViewController.m; sourceTree = "<group>"; };
		F5E3035320C13AF3001F11EC /* TableViewDeleteViewController.h */ = {isa = PBXFileReference; fileEncoding = 4; lastKnownFileType = sourcecode.c.h; path = TableViewDeleteViewController.h; sourceTree = "<group>"; };
		F5E3035420C13AF3001F11EC /* TableViewDeleteViewController.m */ = {isa = PBXFileReference; fileEncoding = 4; lastKnownFileType = sourcecode.c.objc; path = TableViewDeleteViewController.m; sourceTree = "<group>"; };
		F5E3035620C13AF3001F11EC /* NNValidationCodeView.h */ = {isa = PBXFileReference; fileEncoding = 4; lastKnownFileType = sourcecode.c.h; path = NNValidationCodeView.h; sourceTree = "<group>"; };
		F5E3035720C13AF3001F11EC /* NNValidationCodeView.m */ = {isa = PBXFileReference; fileEncoding = 4; lastKnownFileType = sourcecode.c.objc; path = NNValidationCodeView.m; sourceTree = "<group>"; };
		F5E3035920C13AF3001F11EC /* WKWebViewController.h */ = {isa = PBXFileReference; fileEncoding = 4; lastKnownFileType = sourcecode.c.h; path = WKWebViewController.h; sourceTree = "<group>"; };
		F5E3035A20C13AF3001F11EC /* WKWebViewController.m */ = {isa = PBXFileReference; fileEncoding = 4; lastKnownFileType = sourcecode.c.objc; path = WKWebViewController.m; sourceTree = "<group>"; };
		F5E3037F20C13D09001F11EC /* DemoTableViewCell.h */ = {isa = PBXFileReference; fileEncoding = 4; lastKnownFileType = sourcecode.c.h; path = DemoTableViewCell.h; sourceTree = "<group>"; };
		F5E3038020C13D09001F11EC /* DemoTableViewCell.m */ = {isa = PBXFileReference; fileEncoding = 4; lastKnownFileType = sourcecode.c.objc; path = DemoTableViewCell.m; sourceTree = "<group>"; };
		F5E3038120C13D09001F11EC /* SecondViewController.h */ = {isa = PBXFileReference; fileEncoding = 4; lastKnownFileType = sourcecode.c.h; path = SecondViewController.h; sourceTree = "<group>"; };
		F5E3038220C13D09001F11EC /* SecondViewController.m */ = {isa = PBXFileReference; fileEncoding = 4; lastKnownFileType = sourcecode.c.objc; path = SecondViewController.m; sourceTree = "<group>"; };
		F5E3038320C13D09001F11EC /* ViewController.h */ = {isa = PBXFileReference; fileEncoding = 4; lastKnownFileType = sourcecode.c.h; path = ViewController.h; sourceTree = "<group>"; };
		F5E3038420C13D09001F11EC /* ViewController.m */ = {isa = PBXFileReference; fileEncoding = 4; lastKnownFileType = sourcecode.c.objc; path = ViewController.m; sourceTree = "<group>"; };
		F5E3038620C13D09001F11EC /* Country.h */ = {isa = PBXFileReference; fileEncoding = 4; lastKnownFileType = sourcecode.c.h; path = Country.h; sourceTree = "<group>"; };
		F5E3038720C13D09001F11EC /* Country.m */ = {isa = PBXFileReference; fileEncoding = 4; lastKnownFileType = sourcecode.c.objc; path = Country.m; sourceTree = "<group>"; };
		F5E3038820C13D09001F11EC /* Person.h */ = {isa = PBXFileReference; fileEncoding = 4; lastKnownFileType = sourcecode.c.h; path = Person.h; sourceTree = "<group>"; };
		F5E3038920C13D09001F11EC /* Person.m */ = {isa = PBXFileReference; fileEncoding = 4; lastKnownFileType = sourcecode.c.objc; path = Person.m; sourceTree = "<group>"; };
		F5E3039020C13D59001F11EC /* LaunchScreen.storyboard */ = {isa = PBXFileReference; fileEncoding = 4; lastKnownFileType = file.storyboard; path = LaunchScreen.storyboard; sourceTree = "<group>"; };
		F5E3039120C13D59001F11EC /* Main.storyboard */ = {isa = PBXFileReference; fileEncoding = 4; lastKnownFileType = file.storyboard; path = Main.storyboard; sourceTree = "<group>"; };
		F5E3039420C13FE7001F11EC /* DadViewController.h */ = {isa = PBXFileReference; lastKnownFileType = sourcecode.c.h; path = DadViewController.h; sourceTree = "<group>"; };
		F5E3039520C13FE7001F11EC /* DadViewController.m */ = {isa = PBXFileReference; lastKnownFileType = sourcecode.c.objc; path = DadViewController.m; sourceTree = "<group>"; };
		F5E9A61F201F19B6000851B0 /* NJTitleButton.m */ = {isa = PBXFileReference; fileEncoding = 4; lastKnownFileType = sourcecode.c.objc; path = NJTitleButton.m; sourceTree = "<group>"; };
		F5E9A620201F19B7000851B0 /* NJTitleButton.h */ = {isa = PBXFileReference; fileEncoding = 4; lastKnownFileType = sourcecode.c.h; path = NJTitleButton.h; sourceTree = "<group>"; };
		F5FD32C320C4D1C90049B79B /* AtzucheCustomTipView.h */ = {isa = PBXFileReference; lastKnownFileType = sourcecode.c.h; path = AtzucheCustomTipView.h; sourceTree = "<group>"; };
		F5FD32C420C4D1C90049B79B /* AtzucheCustomTipView.m */ = {isa = PBXFileReference; lastKnownFileType = sourcecode.c.objc; path = AtzucheCustomTipView.m; sourceTree = "<group>"; };
/* End PBXFileReference section */

/* Begin PBXFrameworksBuildPhase section */
		F59567711FAB4AD20068A04F /* Frameworks */ = {
			isa = PBXFrameworksBuildPhase;
			buildActionMask = 2147483647;
			files = (
				EA5B67E1D4EA6F0AF71212FD /* libPods-Demo.a in Frameworks */,
			);
			runOnlyForDeploymentPostprocessing = 0;
		};
		F59567891FAB4AD20068A04F /* Frameworks */ = {
			isa = PBXFrameworksBuildPhase;
			buildActionMask = 2147483647;
			files = (
			);
			runOnlyForDeploymentPostprocessing = 0;
		};
		F59567941FAB4AD20068A04F /* Frameworks */ = {
			isa = PBXFrameworksBuildPhase;
			buildActionMask = 2147483647;
			files = (
			);
			runOnlyForDeploymentPostprocessing = 0;
		};
/* End PBXFrameworksBuildPhase section */

/* Begin PBXGroup section */
		988027578FBBDF25E90DE96C /* Frameworks */ = {
			isa = PBXGroup;
			children = (
				D9508E5367DC2F3562C8F578 /* libPods-Demo.a */,
			);
			name = Frameworks;
			sourceTree = "<group>";
		};
		9DDA882E3BA37FECE97A620A /* Pods */ = {
			isa = PBXGroup;
			children = (
				69B2EA328EB0A39820DDBEDC /* Pods-Demo.debug.xcconfig */,
				C1A3EC334A534427B4F75C41 /* Pods-Demo.release.xcconfig */,
			);
			name = Pods;
			sourceTree = "<group>";
		};
		F595676B1FAB4AD20068A04F = {
			isa = PBXGroup;
			children = (
				F59567761FAB4AD20068A04F /* Demo */,
				F595678F1FAB4AD20068A04F /* DemoTests */,
				F595679A1FAB4AD20068A04F /* DemoUITests */,
				F59567751FAB4AD20068A04F /* Products */,
				9DDA882E3BA37FECE97A620A /* Pods */,
				988027578FBBDF25E90DE96C /* Frameworks */,
			);
			sourceTree = "<group>";
		};
		F59567751FAB4AD20068A04F /* Products */ = {
			isa = PBXGroup;
			children = (
				F59567741FAB4AD20068A04F /* Demo.app */,
				F595678C1FAB4AD20068A04F /* DemoTests.xctest */,
				F59567971FAB4AD20068A04F /* DemoUITests.xctest */,
			);
			name = Products;
			sourceTree = "<group>";
		};
		F59567761FAB4AD20068A04F /* Demo */ = {
			isa = PBXGroup;
			children = (
				F599D7772019753800D33834 /* AppDelegate */,
				F5E3037D20C13D09001F11EC /* Public */,
				F599D78E2019BA8D00D33834 /* Category */,
				F5E3030D20C13AF3001F11EC /* ProjectDemo */,
				F59567801FAB4AD20068A04F /* Assets.xcassets */,
				F59567851FAB4AD20068A04F /* Info.plist */,
				F59567861FAB4AD20068A04F /* main.m */,
				F599D7832019754500D33834 /* Demo.pch */,
			);
			path = Demo;
			sourceTree = "<group>";
		};
		F595678F1FAB4AD20068A04F /* DemoTests */ = {
			isa = PBXGroup;
			children = (
				F59567901FAB4AD20068A04F /* DemoTests.m */,
				F59567921FAB4AD20068A04F /* Info.plist */,
			);
			path = DemoTests;
			sourceTree = "<group>";
		};
		F595679A1FAB4AD20068A04F /* DemoUITests */ = {
			isa = PBXGroup;
			children = (
				F595679B1FAB4AD20068A04F /* DemoUITests.m */,
				F595679D1FAB4AD20068A04F /* Info.plist */,
			);
			path = DemoUITests;
			sourceTree = "<group>";
		};
		F599D7772019753800D33834 /* AppDelegate */ = {
			isa = PBXGroup;
			children = (
				F599D7782019753800D33834 /* AppDelegate.h */,
				F599D7792019753800D33834 /* AppDelegate.m */,
			);
			path = AppDelegate;
			sourceTree = "<group>";
		};
		F599D78E2019BA8D00D33834 /* Category */ = {
			isa = PBXGroup;
			children = (
				F599D78F2019BA8D00D33834 /* UIColor+AtzucheColor.h */,
				F599D7902019BA8D00D33834 /* UIColor+AtzucheColor.m */,
				F57EBFAC201F0BD10062A4AA /* UIView+AtzucheUIView.h */,
				F57EBFAB201F0BD10062A4AA /* UIView+AtzucheUIView.m */,
				F5E9A620201F19B7000851B0 /* NJTitleButton.h */,
				F5E9A61F201F19B6000851B0 /* NJTitleButton.m */,
			);
			path = Category;
			sourceTree = "<group>";
		};
		F5E3030D20C13AF3001F11EC /* ProjectDemo */ = {
			isa = PBXGroup;
			children = (
				F5E3031520C13AF3001F11EC /* CollectionDemo */,
				F5E3033620C13AF3001F11EC /* HorizontalCollectionDemo */,
				F5E3030E20C13AF3001F11EC /* CellAddCollectionView */,
				F5E3034B20C13AF3001F11EC /* MJ_IPhoneXDemo */,
				F5E3034820C13AF3001F11EC /* iPhoneFont */,
				F5E3035820C13AF3001F11EC /* WKWebView */,
				F5E3035220C13AF3001F11EC /* TableViewDelete */,
				F5E3035520C13AF3001F11EC /* ValidationCodeDemo */,
			);
			path = ProjectDemo;
			sourceTree = "<group>";
		};
		F5E3030E20C13AF3001F11EC /* CellAddCollectionView */ = {
			isa = PBXGroup;
			children = (
				F5E3030F20C13AF3001F11EC /* CellAddCollectionViewController.h */,
				F5E3031020C13AF3001F11EC /* CellAddCollectionViewController.m */,
				F5E3031120C13AF3001F11EC /* testTableViewCell.h */,
				F5E3031220C13AF3001F11EC /* testTableViewCell.m */,
				F5E3031320C13AF3001F11EC /* textCollectionViewCell.h */,
				F5E3031420C13AF3001F11EC /* textCollectionViewCell.m */,
			);
			path = CellAddCollectionView;
			sourceTree = "<group>";
		};
		F5E3031520C13AF3001F11EC /* CollectionDemo */ = {
			isa = PBXGroup;
			children = (
				F5E3031620C13AF3001F11EC /* ATCollectionViewDemoVC.h */,
				F5E3031720C13AF3001F11EC /* ATCollectionViewDemoVC.m */,
				F5E3031820C13AF3001F11EC /* AtHomeChooseCarCollectionView */,
				F5E3031F20C13AF3001F11EC /* AtHomeNaviView */,
				F5E3032220C13AF3001F11EC /* AtHomeTitleCollectionView */,
				F5E3032D20C13AF3001F11EC /* CJCiycleScrollView */,
				F5E3033120C13AF3001F11EC /* view */,
			);
			path = CollectionDemo;
			sourceTree = "<group>";
		};
		F5E3031820C13AF3001F11EC /* AtHomeChooseCarCollectionView */ = {
			isa = PBXGroup;
			children = (
				F5E3031920C13AF3001F11EC /* AtzucheChooseCarFlowLayout.h */,
				F5E3031A20C13AF3001F11EC /* AtzucheChooseCarFlowLayout.m */,
				F5E3031B20C13AF3001F11EC /* AtzucheHomeChooseCarCollectionCell.h */,
				F5E3031C20C13AF3001F11EC /* AtzucheHomeChooseCarCollectionCell.m */,
				F5E3031D20C13AF3001F11EC /* AtzucheHomeChooseCarCollectionView.h */,
				F5E3031E20C13AF3001F11EC /* AtzucheHomeChooseCarCollectionView.m */,
			);
			path = AtHomeChooseCarCollectionView;
			sourceTree = "<group>";
		};
		F5E3031F20C13AF3001F11EC /* AtHomeNaviView */ = {
			isa = PBXGroup;
			children = (
				F5E3032020C13AF3001F11EC /* AtzucheHomeNaviView.h */,
				F5E3032120C13AF3001F11EC /* AtzucheHomeNaviView.m */,
			);
			path = AtHomeNaviView;
			sourceTree = "<group>";
		};
		F5E3032220C13AF3001F11EC /* AtHomeTitleCollectionView */ = {
			isa = PBXGroup;
			children = (
				F5E3032320C13AF3001F11EC /* AtzucheHomeCollectionHeaderView.h */,
				F5E3032420C13AF3001F11EC /* AtzucheHomeCollectionHeaderView.m */,
				F5E3032520C13AF3001F11EC /* AtzucheHomeTitleCollectionCell.h */,
				F5E3032620C13AF3001F11EC /* AtzucheHomeTitleCollectionCell.m */,
				F5E3032720C13AF3001F11EC /* AtzucheHomeTitleCollectionView.h */,
				F5E3032820C13AF3001F11EC /* AtzucheHomeTitleCollectionView.m */,
				F5E3032920C13AF3001F11EC /* AtzucheHomeTitleFlowLayout.h */,
				F5E3032A20C13AF3001F11EC /* AtzucheHomeTitleFlowLayout.m */,
				F5E3032B20C13AF3001F11EC /* AtzucheHomeTitleViewController.h */,
				F5E3032C20C13AF3001F11EC /* AtzucheHomeTitleViewController.m */,
			);
			path = AtHomeTitleCollectionView;
			sourceTree = "<group>";
		};
		F5E3032D20C13AF3001F11EC /* CJCiycleScrollView */ = {
			isa = PBXGroup;
			children = (
				F5E3032E20C13AF3001F11EC /* AtzucheCycleScrollView.h */,
				F5E3032F20C13AF3001F11EC /* AtzucheCycleScrollView.m */,
				F5E3033020C13AF3001F11EC /* 使用方法 */,
			);
			path = CJCiycleScrollView;
			sourceTree = "<group>";
		};
		F5E3033120C13AF3001F11EC /* view */ = {
			isa = PBXGroup;
			children = (
				F5E3033220C13AF3001F11EC /* CycleScrollView.h */,
				F5E3033320C13AF3001F11EC /* CycleScrollView.m */,
				F5E3033420C13AF3001F11EC /* NSTimer+Add.h */,
				F5E3033520C13AF3001F11EC /* NSTimer+Add.m */,
			);
			path = view;
			sourceTree = "<group>";
		};
		F5E3033620C13AF3001F11EC /* HorizontalCollectionDemo */ = {
			isa = PBXGroup;
			children = (
				F5E3034620C13AF3001F11EC /* HorizontalCollectionViewController.h */,
				F5E3034720C13AF3001F11EC /* HorizontalCollectionViewController.m */,
				F5E3033720C13AF3001F11EC /* AtHomeCityCollectionView */,
				F5E3033E20C13AF3001F11EC /* Cell */,
			);
			path = HorizontalCollectionDemo;
			sourceTree = "<group>";
		};
		F5E3033720C13AF3001F11EC /* AtHomeCityCollectionView */ = {
			isa = PBXGroup;
			children = (
				F5E3033820C13AF3001F11EC /* AtzucheHomeCityCollectionCell.h */,
				F5E3033920C13AF3001F11EC /* AtzucheHomeCityCollectionCell.m */,
				F5E3033A20C13AF3001F11EC /* AtzucheHomeCityCollectionView.h */,
				F5E3033B20C13AF3001F11EC /* AtzucheHomeCityCollectionView.m */,
				F5E3033C20C13AF3001F11EC /* AtzucheHomeCityFlowLayout.h */,
				F5E3033D20C13AF3001F11EC /* AtzucheHomeCityFlowLayout.m */,
			);
			path = AtHomeCityCollectionView;
			sourceTree = "<group>";
		};
		F5E3033E20C13AF3001F11EC /* Cell */ = {
			isa = PBXGroup;
			children = (
				F5E3033F20C13AF3001F11EC /* AtItemCollectionView */,
				F5E3034420C13AF3001F11EC /* AtItemTableViewCell.h */,
				F5E3034520C13AF3001F11EC /* AtItemTableViewCell.m */,
			);
			path = Cell;
			sourceTree = "<group>";
		};
		F5E3033F20C13AF3001F11EC /* AtItemCollectionView */ = {
			isa = PBXGroup;
			children = (
				F5E3034020C13AF3001F11EC /* AtItemCollectionView.h */,
				F5E3034120C13AF3001F11EC /* AtItemCollectionView.m */,
				F5E3034220C13AF3001F11EC /* AtItemCollectionViewCell.h */,
				F5E3034320C13AF3001F11EC /* AtItemCollectionViewCell.m */,
			);
			path = AtItemCollectionView;
			sourceTree = "<group>";
		};
		F5E3034820C13AF3001F11EC /* iPhoneFont */ = {
			isa = PBXGroup;
			children = (
				F5E3034920C13AF3001F11EC /* PhoneFontViewController.h */,
				F5E3034A20C13AF3001F11EC /* PhoneFontViewController.m */,
			);
			path = iPhoneFont;
			sourceTree = "<group>";
		};
		F5E3034B20C13AF3001F11EC /* MJ_IPhoneXDemo */ = {
			isa = PBXGroup;
			children = (
				F5E3034C20C13AF3001F11EC /* AtzucheRefreshStateHeader.h */,
				F5E3034D20C13AF3001F11EC /* AtzucheRefreshStateHeader.m */,
				F5E3034E20C13AF3001F11EC /* MJDIYHeader.h */,
				F5E3034F20C13AF3001F11EC /* MJDIYHeader.m */,
				F5E3035020C13AF3001F11EC /* MJIphoneXViewController.h */,
				F5E3035120C13AF3001F11EC /* MJIphoneXViewController.m */,
			);
			path = MJ_IPhoneXDemo;
			sourceTree = "<group>";
		};
		F5E3035220C13AF3001F11EC /* TableViewDelete */ = {
			isa = PBXGroup;
			children = (
				F5E3035320C13AF3001F11EC /* TableViewDeleteViewController.h */,
				F5E3035420C13AF3001F11EC /* TableViewDeleteViewController.m */,
				F55DB6B420CA2DB9003837CA /* TableViewDeleteCell.h */,
				F55DB6B520CA2DB9003837CA /* TableViewDeleteCell.m */,
			);
			path = TableViewDelete;
			sourceTree = "<group>";
		};
		F5E3035520C13AF3001F11EC /* ValidationCodeDemo */ = {
			isa = PBXGroup;
			children = (
				F5E3035620C13AF3001F11EC /* NNValidationCodeView.h */,
				F5E3035720C13AF3001F11EC /* NNValidationCodeView.m */,
			);
			path = ValidationCodeDemo;
			sourceTree = "<group>";
		};
		F5E3035820C13AF3001F11EC /* WKWebView */ = {
			isa = PBXGroup;
			children = (
				F5E3035920C13AF3001F11EC /* WKWebViewController.h */,
				F5E3035A20C13AF3001F11EC /* WKWebViewController.m */,
			);
			path = WKWebView;
			sourceTree = "<group>";
		};
		F5E3037D20C13D09001F11EC /* Public */ = {
			isa = PBXGroup;
			children = (
				F5E3039420C13FE7001F11EC /* DadViewController.h */,
				F5E3039520C13FE7001F11EC /* DadViewController.m */,
				F5FD32C320C4D1C90049B79B /* AtzucheCustomTipView.h */,
				F5FD32C420C4D1C90049B79B /* AtzucheCustomTipView.m */,
				F5E3038F20C13D59001F11EC /* storyboard */,
				F5E3037E20C13D09001F11EC /* Controller */,
				F5E3038520C13D09001F11EC /* Model */,
			);
			path = Public;
			sourceTree = "<group>";
		};
		F5E3037E20C13D09001F11EC /* Controller */ = {
			isa = PBXGroup;
			children = (
				F5E3037F20C13D09001F11EC /* DemoTableViewCell.h */,
				F5E3038020C13D09001F11EC /* DemoTableViewCell.m */,
				F5E3038120C13D09001F11EC /* SecondViewController.h */,
				F5E3038220C13D09001F11EC /* SecondViewController.m */,
				F5E3038320C13D09001F11EC /* ViewController.h */,
				F5E3038420C13D09001F11EC /* ViewController.m */,
			);
			path = Controller;
			sourceTree = "<group>";
		};
		F5E3038520C13D09001F11EC /* Model */ = {
			isa = PBXGroup;
			children = (
				F5E3038620C13D09001F11EC /* Country.h */,
				F5E3038720C13D09001F11EC /* Country.m */,
				F5E3038820C13D09001F11EC /* Person.h */,
				F5E3038920C13D09001F11EC /* Person.m */,
			);
			path = Model;
			sourceTree = "<group>";
		};
		F5E3038F20C13D59001F11EC /* storyboard */ = {
			isa = PBXGroup;
			children = (
				F5E3039020C13D59001F11EC /* LaunchScreen.storyboard */,
				F5E3039120C13D59001F11EC /* Main.storyboard */,
			);
			path = storyboard;
			sourceTree = "<group>";
		};
/* End PBXGroup section */

/* Begin PBXNativeTarget section */
		F59567731FAB4AD20068A04F /* Demo */ = {
			isa = PBXNativeTarget;
			buildConfigurationList = F59567A01FAB4AD20068A04F /* Build configuration list for PBXNativeTarget "Demo" */;
			buildPhases = (
				FAC01AEF200F8FB48B4E652C /* [CP] Check Pods Manifest.lock */,
				F59567701FAB4AD20068A04F /* Sources */,
				F59567711FAB4AD20068A04F /* Frameworks */,
				F59567721FAB4AD20068A04F /* Resources */,
				1B65B87D267F5F17E35ED7FA /* [CP] Copy Pods Resources */,
			);
			buildRules = (
			);
			dependencies = (
			);
			name = Demo;
			productName = Demo;
			productReference = F59567741FAB4AD20068A04F /* Demo.app */;
			productType = "com.apple.product-type.application";
		};
		F595678B1FAB4AD20068A04F /* DemoTests */ = {
			isa = PBXNativeTarget;
			buildConfigurationList = F59567A31FAB4AD20068A04F /* Build configuration list for PBXNativeTarget "DemoTests" */;
			buildPhases = (
				F59567881FAB4AD20068A04F /* Sources */,
				F59567891FAB4AD20068A04F /* Frameworks */,
				F595678A1FAB4AD20068A04F /* Resources */,
			);
			buildRules = (
			);
			dependencies = (
				F595678E1FAB4AD20068A04F /* PBXTargetDependency */,
			);
			name = DemoTests;
			productName = DemoTests;
			productReference = F595678C1FAB4AD20068A04F /* DemoTests.xctest */;
			productType = "com.apple.product-type.bundle.unit-test";
		};
		F59567961FAB4AD20068A04F /* DemoUITests */ = {
			isa = PBXNativeTarget;
			buildConfigurationList = F59567A61FAB4AD20068A04F /* Build configuration list for PBXNativeTarget "DemoUITests" */;
			buildPhases = (
				F59567931FAB4AD20068A04F /* Sources */,
				F59567941FAB4AD20068A04F /* Frameworks */,
				F59567951FAB4AD20068A04F /* Resources */,
			);
			buildRules = (
			);
			dependencies = (
				F59567991FAB4AD20068A04F /* PBXTargetDependency */,
			);
			name = DemoUITests;
			productName = DemoUITests;
			productReference = F59567971FAB4AD20068A04F /* DemoUITests.xctest */;
			productType = "com.apple.product-type.bundle.ui-testing";
		};
/* End PBXNativeTarget section */

/* Begin PBXProject section */
		F595676C1FAB4AD20068A04F /* Project object */ = {
			isa = PBXProject;
			attributes = {
				LastUpgradeCheck = 0910;
				ORGANIZATIONNAME = ChenJie;
				TargetAttributes = {
					F59567731FAB4AD20068A04F = {
						CreatedOnToolsVersion = 9.1;
						ProvisioningStyle = Automatic;
					};
					F595678B1FAB4AD20068A04F = {
						CreatedOnToolsVersion = 9.1;
						ProvisioningStyle = Automatic;
						TestTargetID = F59567731FAB4AD20068A04F;
					};
					F59567961FAB4AD20068A04F = {
						CreatedOnToolsVersion = 9.1;
						ProvisioningStyle = Automatic;
						TestTargetID = F59567731FAB4AD20068A04F;
					};
				};
			};
			buildConfigurationList = F595676F1FAB4AD20068A04F /* Build configuration list for PBXProject "Demo" */;
			compatibilityVersion = "Xcode 8.0";
			developmentRegion = en;
			hasScannedForEncodings = 0;
			knownRegions = (
				en,
				Base,
			);
			mainGroup = F595676B1FAB4AD20068A04F;
			productRefGroup = F59567751FAB4AD20068A04F /* Products */;
			projectDirPath = "";
			projectRoot = "";
			targets = (
				F59567731FAB4AD20068A04F /* Demo */,
				F595678B1FAB4AD20068A04F /* DemoTests */,
				F59567961FAB4AD20068A04F /* DemoUITests */,
			);
		};
/* End PBXProject section */

/* Begin PBXResourcesBuildPhase section */
		F59567721FAB4AD20068A04F /* Resources */ = {
			isa = PBXResourcesBuildPhase;
			buildActionMask = 2147483647;
			files = (
				F5E3039220C13D59001F11EC /* LaunchScreen.storyboard in Resources */,
				F5E3036920C13AF3001F11EC /* 使用方法 in Resources */,
				F59567811FAB4AD20068A04F /* Assets.xcassets in Resources */,
				F5E3039320C13D59001F11EC /* Main.storyboard in Resources */,
			);
			runOnlyForDeploymentPostprocessing = 0;
		};
		F595678A1FAB4AD20068A04F /* Resources */ = {
			isa = PBXResourcesBuildPhase;
			buildActionMask = 2147483647;
			files = (
			);
			runOnlyForDeploymentPostprocessing = 0;
		};
		F59567951FAB4AD20068A04F /* Resources */ = {
			isa = PBXResourcesBuildPhase;
			buildActionMask = 2147483647;
			files = (
			);
			runOnlyForDeploymentPostprocessing = 0;
		};
/* End PBXResourcesBuildPhase section */

/* Begin PBXShellScriptBuildPhase section */
		1B65B87D267F5F17E35ED7FA /* [CP] Copy Pods Resources */ = {
			isa = PBXShellScriptBuildPhase;
			buildActionMask = 2147483647;
			files = (
			);
			inputPaths = (
				"${SRCROOT}/Pods/Target Support Files/Pods-Demo/Pods-Demo-resources.sh",
				"${PODS_ROOT}/AMap2DMap-NO-IDFA/MAMapKit.framework/AMap.bundle",
				"${PODS_ROOT}/MJRefresh/MJRefresh/MJRefresh.bundle",
			);
			name = "[CP] Copy Pods Resources";
			outputPaths = (
				"${TARGET_BUILD_DIR}/${UNLOCALIZED_RESOURCES_FOLDER_PATH}/AMap.bundle",
				"${TARGET_BUILD_DIR}/${UNLOCALIZED_RESOURCES_FOLDER_PATH}/MJRefresh.bundle",
			);
			runOnlyForDeploymentPostprocessing = 0;
			shellPath = /bin/sh;
			shellScript = "\"${SRCROOT}/Pods/Target Support Files/Pods-Demo/Pods-Demo-resources.sh\"\n";
			showEnvVarsInLog = 0;
		};
		FAC01AEF200F8FB48B4E652C /* [CP] Check Pods Manifest.lock */ = {
			isa = PBXShellScriptBuildPhase;
			buildActionMask = 2147483647;
			files = (
			);
			inputPaths = (
				"${PODS_PODFILE_DIR_PATH}/Podfile.lock",
				"${PODS_ROOT}/Manifest.lock",
			);
			name = "[CP] Check Pods Manifest.lock";
			outputPaths = (
				"$(DERIVED_FILE_DIR)/Pods-Demo-checkManifestLockResult.txt",
			);
			runOnlyForDeploymentPostprocessing = 0;
			shellPath = /bin/sh;
			shellScript = "diff \"${PODS_PODFILE_DIR_PATH}/Podfile.lock\" \"${PODS_ROOT}/Manifest.lock\" > /dev/null\nif [ $? != 0 ] ; then\n    # print error to STDERR\n    echo \"error: The sandbox is not in sync with the Podfile.lock. Run 'pod install' or update your CocoaPods installation.\" >&2\n    exit 1\nfi\n# This output is used by Xcode 'outputs' to avoid re-running this script phase.\necho \"SUCCESS\" > \"${SCRIPT_OUTPUT_FILE_0}\"\n";
			showEnvVarsInLog = 0;
		};
/* End PBXShellScriptBuildPhase section */

/* Begin PBXSourcesBuildPhase section */
		F59567701FAB4AD20068A04F /* Sources */ = {
			isa = PBXSourcesBuildPhase;
			buildActionMask = 2147483647;
			files = (
				F5E3037620C13AF3001F11EC /* MJIphoneXViewController.m in Sources */,
				F5E3036F20C13AF3001F11EC /* AtItemCollectionView.m in Sources */,
				F5E3038E20C13D09001F11EC /* Person.m in Sources */,
				F5E3035B20C13AF3001F11EC /* CellAddCollectionViewController.m in Sources */,
				F5E3037720C13AF3001F11EC /* TableViewDeleteViewController.m in Sources */,
				F5E3038B20C13D09001F11EC /* SecondViewController.m in Sources */,
				F5E3035E20C13AF3001F11EC /* ATCollectionViewDemoVC.m in Sources */,
				F55DB6B620CA2DB9003837CA /* TableViewDeleteCell.m in Sources */,
				F5E3037020C13AF3001F11EC /* AtItemCollectionViewCell.m in Sources */,
				F5FD32C520C4D1C90049B79B /* AtzucheCustomTipView.m in Sources */,
				F5E3036E20C13AF3001F11EC /* AtzucheHomeCityFlowLayout.m in Sources */,
				F5E3038C20C13D09001F11EC /* ViewController.m in Sources */,
				F5E3037220C13AF3001F11EC /* HorizontalCollectionViewController.m in Sources */,
				F57EBFAD201F0BD20062A4AA /* UIView+AtzucheUIView.m in Sources */,
				F5E3036220C13AF3001F11EC /* AtzucheHomeNaviView.m in Sources */,
				F5E3036A20C13AF3001F11EC /* CycleScrollView.m in Sources */,
				F5E3037520C13AF3001F11EC /* MJDIYHeader.m in Sources */,
				F5E3036D20C13AF3001F11EC /* AtzucheHomeCityCollectionView.m in Sources */,
				F5E3037920C13AF3001F11EC /* WKWebViewController.m in Sources */,
				F5E3038D20C13D09001F11EC /* Country.m in Sources */,
				F5E3038A20C13D09001F11EC /* DemoTableViewCell.m in Sources */,
				F5E3036520C13AF3001F11EC /* AtzucheHomeTitleCollectionView.m in Sources */,
				F5E3036320C13AF3001F11EC /* AtzucheHomeCollectionHeaderView.m in Sources */,
				F5E3037420C13AF3001F11EC /* AtzucheRefreshStateHeader.m in Sources */,
				F5E3035F20C13AF3001F11EC /* AtzucheChooseCarFlowLayout.m in Sources */,
				F5E3037820C13AF3001F11EC /* NNValidationCodeView.m in Sources */,
				F5E3036C20C13AF3001F11EC /* AtzucheHomeCityCollectionCell.m in Sources */,
				F599D7812019753800D33834 /* AppDelegate.m in Sources */,
				F5E3036B20C13AF3001F11EC /* NSTimer+Add.m in Sources */,
				F5E3036120C13AF3001F11EC /* AtzucheHomeChooseCarCollectionView.m in Sources */,
				F5E3036620C13AF3001F11EC /* AtzucheHomeTitleFlowLayout.m in Sources */,
				F5E9A621201F19B7000851B0 /* NJTitleButton.m in Sources */,
				F599D7912019BA8D00D33834 /* UIColor+AtzucheColor.m in Sources */,
				F5E3037320C13AF3001F11EC /* PhoneFontViewController.m in Sources */,
				F5E3037120C13AF3001F11EC /* AtItemTableViewCell.m in Sources */,
				F5E3035C20C13AF3001F11EC /* testTableViewCell.m in Sources */,
				F5E3036820C13AF3001F11EC /* AtzucheCycleScrollView.m in Sources */,
				F5E3036420C13AF3001F11EC /* AtzucheHomeTitleCollectionCell.m in Sources */,
				F5E3035D20C13AF3001F11EC /* textCollectionViewCell.m in Sources */,
				F59567871FAB4AD20068A04F /* main.m in Sources */,
				F5E3039620C13FE7001F11EC /* DadViewController.m in Sources */,
				F5E3036020C13AF3001F11EC /* AtzucheHomeChooseCarCollectionCell.m in Sources */,
				F5E3036720C13AF3001F11EC /* AtzucheHomeTitleViewController.m in Sources */,
			);
			runOnlyForDeploymentPostprocessing = 0;
		};
		F59567881FAB4AD20068A04F /* Sources */ = {
			isa = PBXSourcesBuildPhase;
			buildActionMask = 2147483647;
			files = (
				F59567911FAB4AD20068A04F /* DemoTests.m in Sources */,
			);
			runOnlyForDeploymentPostprocessing = 0;
		};
		F59567931FAB4AD20068A04F /* Sources */ = {
			isa = PBXSourcesBuildPhase;
			buildActionMask = 2147483647;
			files = (
				F595679C1FAB4AD20068A04F /* DemoUITests.m in Sources */,
			);
			runOnlyForDeploymentPostprocessing = 0;
		};
/* End PBXSourcesBuildPhase section */

/* Begin PBXTargetDependency section */
		F595678E1FAB4AD20068A04F /* PBXTargetDependency */ = {
			isa = PBXTargetDependency;
			target = F59567731FAB4AD20068A04F /* Demo */;
			targetProxy = F595678D1FAB4AD20068A04F /* PBXContainerItemProxy */;
		};
		F59567991FAB4AD20068A04F /* PBXTargetDependency */ = {
			isa = PBXTargetDependency;
			target = F59567731FAB4AD20068A04F /* Demo */;
			targetProxy = F59567981FAB4AD20068A04F /* PBXContainerItemProxy */;
		};
/* End PBXTargetDependency section */

/* Begin XCBuildConfiguration section */
		F595679E1FAB4AD20068A04F /* Debug */ = {
			isa = XCBuildConfiguration;
			buildSettings = {
				ALWAYS_SEARCH_USER_PATHS = NO;
				CLANG_ANALYZER_NONNULL = YES;
				CLANG_ANALYZER_NUMBER_OBJECT_CONVERSION = YES_AGGRESSIVE;
				CLANG_CXX_LANGUAGE_STANDARD = "gnu++14";
				CLANG_CXX_LIBRARY = "libc++";
				CLANG_ENABLE_MODULES = YES;
				CLANG_ENABLE_OBJC_ARC = YES;
				CLANG_WARN_BLOCK_CAPTURE_AUTORELEASING = YES;
				CLANG_WARN_BOOL_CONVERSION = YES;
				CLANG_WARN_COMMA = YES;
				CLANG_WARN_CONSTANT_CONVERSION = YES;
				CLANG_WARN_DIRECT_OBJC_ISA_USAGE = YES_ERROR;
				CLANG_WARN_DOCUMENTATION_COMMENTS = YES;
				CLANG_WARN_EMPTY_BODY = YES;
				CLANG_WARN_ENUM_CONVERSION = YES;
				CLANG_WARN_INFINITE_RECURSION = YES;
				CLANG_WARN_INT_CONVERSION = YES;
				CLANG_WARN_NON_LITERAL_NULL_CONVERSION = YES;
				CLANG_WARN_OBJC_LITERAL_CONVERSION = YES;
				CLANG_WARN_OBJC_ROOT_CLASS = YES_ERROR;
				CLANG_WARN_RANGE_LOOP_ANALYSIS = YES;
				CLANG_WARN_STRICT_PROTOTYPES = YES;
				CLANG_WARN_SUSPICIOUS_MOVE = YES;
				CLANG_WARN_UNGUARDED_AVAILABILITY = YES_AGGRESSIVE;
				CLANG_WARN_UNREACHABLE_CODE = YES;
				CLANG_WARN__DUPLICATE_METHOD_MATCH = YES;
				CODE_SIGN_IDENTITY = "iPhone Developer";
				COPY_PHASE_STRIP = NO;
				DEBUG_INFORMATION_FORMAT = dwarf;
				ENABLE_STRICT_OBJC_MSGSEND = YES;
				ENABLE_TESTABILITY = YES;
				GCC_C_LANGUAGE_STANDARD = gnu11;
				GCC_DYNAMIC_NO_PIC = NO;
				GCC_NO_COMMON_BLOCKS = YES;
				GCC_OPTIMIZATION_LEVEL = 0;
				GCC_PREPROCESSOR_DEFINITIONS = (
					"DEBUG=1",
					"$(inherited)",
				);
				GCC_WARN_64_TO_32_BIT_CONVERSION = YES;
				GCC_WARN_ABOUT_RETURN_TYPE = YES_ERROR;
				GCC_WARN_UNDECLARED_SELECTOR = YES;
				GCC_WARN_UNINITIALIZED_AUTOS = YES_AGGRESSIVE;
				GCC_WARN_UNUSED_FUNCTION = YES;
				GCC_WARN_UNUSED_VARIABLE = YES;
				IPHONEOS_DEPLOYMENT_TARGET = 8.0;
				MTL_ENABLE_DEBUG_INFO = YES;
				ONLY_ACTIVE_ARCH = YES;
				SDKROOT = iphoneos;
			};
			name = Debug;
		};
		F595679F1FAB4AD20068A04F /* Release */ = {
			isa = XCBuildConfiguration;
			buildSettings = {
				ALWAYS_SEARCH_USER_PATHS = NO;
				CLANG_ANALYZER_NONNULL = YES;
				CLANG_ANALYZER_NUMBER_OBJECT_CONVERSION = YES_AGGRESSIVE;
				CLANG_CXX_LANGUAGE_STANDARD = "gnu++14";
				CLANG_CXX_LIBRARY = "libc++";
				CLANG_ENABLE_MODULES = YES;
				CLANG_ENABLE_OBJC_ARC = YES;
				CLANG_WARN_BLOCK_CAPTURE_AUTORELEASING = YES;
				CLANG_WARN_BOOL_CONVERSION = YES;
				CLANG_WARN_COMMA = YES;
				CLANG_WARN_CONSTANT_CONVERSION = YES;
				CLANG_WARN_DIRECT_OBJC_ISA_USAGE = YES_ERROR;
				CLANG_WARN_DOCUMENTATION_COMMENTS = YES;
				CLANG_WARN_EMPTY_BODY = YES;
				CLANG_WARN_ENUM_CONVERSION = YES;
				CLANG_WARN_INFINITE_RECURSION = YES;
				CLANG_WARN_INT_CONVERSION = YES;
				CLANG_WARN_NON_LITERAL_NULL_CONVERSION = YES;
				CLANG_WARN_OBJC_LITERAL_CONVERSION = YES;
				CLANG_WARN_OBJC_ROOT_CLASS = YES_ERROR;
				CLANG_WARN_RANGE_LOOP_ANALYSIS = YES;
				CLANG_WARN_STRICT_PROTOTYPES = YES;
				CLANG_WARN_SUSPICIOUS_MOVE = YES;
				CLANG_WARN_UNGUARDED_AVAILABILITY = YES_AGGRESSIVE;
				CLANG_WARN_UNREACHABLE_CODE = YES;
				CLANG_WARN__DUPLICATE_METHOD_MATCH = YES;
				CODE_SIGN_IDENTITY = "iPhone Developer";
				COPY_PHASE_STRIP = NO;
				DEBUG_INFORMATION_FORMAT = "dwarf-with-dsym";
				ENABLE_NS_ASSERTIONS = NO;
				ENABLE_STRICT_OBJC_MSGSEND = YES;
				GCC_C_LANGUAGE_STANDARD = gnu11;
				GCC_NO_COMMON_BLOCKS = YES;
				GCC_WARN_64_TO_32_BIT_CONVERSION = YES;
				GCC_WARN_ABOUT_RETURN_TYPE = YES_ERROR;
				GCC_WARN_UNDECLARED_SELECTOR = YES;
				GCC_WARN_UNINITIALIZED_AUTOS = YES_AGGRESSIVE;
				GCC_WARN_UNUSED_FUNCTION = YES;
				GCC_WARN_UNUSED_VARIABLE = YES;
				IPHONEOS_DEPLOYMENT_TARGET = 8.0;
				MTL_ENABLE_DEBUG_INFO = NO;
				SDKROOT = iphoneos;
				VALIDATE_PRODUCT = YES;
			};
			name = Release;
		};
		F59567A11FAB4AD20068A04F /* Debug */ = {
			isa = XCBuildConfiguration;
			baseConfigurationReference = 69B2EA328EB0A39820DDBEDC /* Pods-Demo.debug.xcconfig */;
			buildSettings = {
				ASSETCATALOG_COMPILER_APPICON_NAME = AppIcon;
				CODE_SIGN_STYLE = Automatic;
				DEVELOPMENT_TEAM = 6YQ79K846K;
				GCC_PREFIX_HEADER = Demo/Demo.pch;
				INFOPLIST_FILE = Demo/Info.plist;
				IPHONEOS_DEPLOYMENT_TARGET = 8.0;
				LD_RUNPATH_SEARCH_PATHS = "$(inherited) @executable_path/Frameworks";
				PRODUCT_BUNDLE_IDENTIFIER = chenxiaojie.GDSDK;
				PRODUCT_NAME = "$(TARGET_NAME)";
				TARGETED_DEVICE_FAMILY = 1;
			};
			name = Debug;
		};
		F59567A21FAB4AD20068A04F /* Release */ = {
			isa = XCBuildConfiguration;
			baseConfigurationReference = C1A3EC334A534427B4F75C41 /* Pods-Demo.release.xcconfig */;
			buildSettings = {
				ASSETCATALOG_COMPILER_APPICON_NAME = AppIcon;
				CODE_SIGN_STYLE = Automatic;
				DEVELOPMENT_TEAM = 6YQ79K846K;
				GCC_PREFIX_HEADER = Demo/Demo.pch;
				INFOPLIST_FILE = Demo/Info.plist;
				IPHONEOS_DEPLOYMENT_TARGET = 8.0;
				LD_RUNPATH_SEARCH_PATHS = "$(inherited) @executable_path/Frameworks";
				PRODUCT_BUNDLE_IDENTIFIER = chenxiaojie.GDSDK;
				PRODUCT_NAME = "$(TARGET_NAME)";
				TARGETED_DEVICE_FAMILY = 1;
			};
			name = Release;
		};
		F59567A41FAB4AD20068A04F /* Debug */ = {
			isa = XCBuildConfiguration;
			buildSettings = {
				BUNDLE_LOADER = "$(TEST_HOST)";
				CODE_SIGN_STYLE = Automatic;
				DEVELOPMENT_TEAM = Q792YXFN33;
				INFOPLIST_FILE = DemoTests/Info.plist;
				LD_RUNPATH_SEARCH_PATHS = "$(inherited) @executable_path/Frameworks @loader_path/Frameworks";
				PRODUCT_BUNDLE_IDENTIFIER = benben.DemoTests;
				PRODUCT_NAME = "$(TARGET_NAME)";
				TARGETED_DEVICE_FAMILY = "1,2";
				TEST_HOST = "$(BUILT_PRODUCTS_DIR)/Demo.app/Demo";
			};
			name = Debug;
		};
		F59567A51FAB4AD20068A04F /* Release */ = {
			isa = XCBuildConfiguration;
			buildSettings = {
				BUNDLE_LOADER = "$(TEST_HOST)";
				CODE_SIGN_STYLE = Automatic;
				DEVELOPMENT_TEAM = Q792YXFN33;
				INFOPLIST_FILE = DemoTests/Info.plist;
				LD_RUNPATH_SEARCH_PATHS = "$(inherited) @executable_path/Frameworks @loader_path/Frameworks";
				PRODUCT_BUNDLE_IDENTIFIER = benben.DemoTests;
				PRODUCT_NAME = "$(TARGET_NAME)";
				TARGETED_DEVICE_FAMILY = "1,2";
				TEST_HOST = "$(BUILT_PRODUCTS_DIR)/Demo.app/Demo";
			};
			name = Release;
		};
		F59567A71FAB4AD20068A04F /* Debug */ = {
			isa = XCBuildConfiguration;
			buildSettings = {
				CODE_SIGN_STYLE = Automatic;
				DEVELOPMENT_TEAM = Q792YXFN33;
				INFOPLIST_FILE = DemoUITests/Info.plist;
				LD_RUNPATH_SEARCH_PATHS = "$(inherited) @executable_path/Frameworks @loader_path/Frameworks";
				PRODUCT_BUNDLE_IDENTIFIER = benben.DemoUITests;
				PRODUCT_NAME = "$(TARGET_NAME)";
				TARGETED_DEVICE_FAMILY = "1,2";
				TEST_TARGET_NAME = Demo;
			};
			name = Debug;
		};
		F59567A81FAB4AD20068A04F /* Release */ = {
			isa = XCBuildConfiguration;
			buildSettings = {
				CODE_SIGN_STYLE = Automatic;
				DEVELOPMENT_TEAM = Q792YXFN33;
				INFOPLIST_FILE = DemoUITests/Info.plist;
				LD_RUNPATH_SEARCH_PATHS = "$(inherited) @executable_path/Frameworks @loader_path/Frameworks";
				PRODUCT_BUNDLE_IDENTIFIER = benben.DemoUITests;
				PRODUCT_NAME = "$(TARGET_NAME)";
				TARGETED_DEVICE_FAMILY = "1,2";
				TEST_TARGET_NAME = Demo;
			};
			name = Release;
		};
/* End XCBuildConfiguration section */

/* Begin XCConfigurationList section */
		F595676F1FAB4AD20068A04F /* Build configuration list for PBXProject "Demo" */ = {
			isa = XCConfigurationList;
			buildConfigurations = (
				F595679E1FAB4AD20068A04F /* Debug */,
				F595679F1FAB4AD20068A04F /* Release */,
			);
			defaultConfigurationIsVisible = 0;
			defaultConfigurationName = Release;
		};
		F59567A01FAB4AD20068A04F /* Build configuration list for PBXNativeTarget "Demo" */ = {
			isa = XCConfigurationList;
			buildConfigurations = (
				F59567A11FAB4AD20068A04F /* Debug */,
				F59567A21FAB4AD20068A04F /* Release */,
			);
			defaultConfigurationIsVisible = 0;
			defaultConfigurationName = Release;
		};
		F59567A31FAB4AD20068A04F /* Build configuration list for PBXNativeTarget "DemoTests" */ = {
			isa = XCConfigurationList;
			buildConfigurations = (
				F59567A41FAB4AD20068A04F /* Debug */,
				F59567A51FAB4AD20068A04F /* Release */,
			);
			defaultConfigurationIsVisible = 0;
			defaultConfigurationName = Release;
		};
		F59567A61FAB4AD20068A04F /* Build configuration list for PBXNativeTarget "DemoUITests" */ = {
			isa = XCConfigurationList;
			buildConfigurations = (
				F59567A71FAB4AD20068A04F /* Debug */,
				F59567A81FAB4AD20068A04F /* Release */,
			);
			defaultConfigurationIsVisible = 0;
			defaultConfigurationName = Release;
		};
/* End XCConfigurationList section */
	};
	rootObject = F595676C1FAB4AD20068A04F /* Project object */;
}
