// !$*UTF8*$!
{
	archiveVersion = 1;
	classes = {
	};
	objectVersion = 48;
	objects = {

/* Begin PBXBuildFile section */
		EA5B67E1D4EA6F0AF71212FD /* libPods-Demo.a in Frameworks */ = {isa = PBXBuildFile; fileRef = D9508E5367DC2F3562C8F578 /* libPods-Demo.a */; };
		F502F3C020BD2D5A00643DF8 /* TableViewDeleteViewController.m in Sources */ = {isa = PBXBuildFile; fileRef = F502F3BF20BD2D5A00643DF8 /* TableViewDeleteViewController.m */; };
		F50EF95B201EFBAE00B395BF /* AtzucheChooseCarFlowLayout.m in Sources */ = {isa = PBXBuildFile; fileRef = F50EF95A201EFBAE00B395BF /* AtzucheChooseCarFlowLayout.m */; };
		F50EF95E201EFBEB00B395BF /* AtzucheHomeChooseCarCollectionView.m in Sources */ = {isa = PBXBuildFile; fileRef = F50EF95D201EFBEB00B395BF /* AtzucheHomeChooseCarCollectionView.m */; };
		F50EF961201EFC0B00B395BF /* AtzucheHomeChooseCarCollectionCell.m in Sources */ = {isa = PBXBuildFile; fileRef = F50EF960201EFC0B00B395BF /* AtzucheHomeChooseCarCollectionCell.m */; };
		F5335DDD2020087E0000C636 /* AtzucheHomeTitleViewController.m in Sources */ = {isa = PBXBuildFile; fileRef = F5335DDC2020087E0000C636 /* AtzucheHomeTitleViewController.m */; };
		F535CDE6201F15AB00B1EDE4 /* AtzucheHomeCollectionHeaderView.m in Sources */ = {isa = PBXBuildFile; fileRef = F535CDE5201F15AB00B1EDE4 /* AtzucheHomeCollectionHeaderView.m */; };
		F5464AAB206DDA400060D2AC /* MJIphoneXViewController.m in Sources */ = {isa = PBXBuildFile; fileRef = F5464AAA206DDA400060D2AC /* MJIphoneXViewController.m */; };
		F56E2EA42084A186001A8C27 /* MJDIYHeader.m in Sources */ = {isa = PBXBuildFile; fileRef = F56E2EA32084A185001A8C27 /* MJDIYHeader.m */; };
		F56E2EAA2084AB17001A8C27 /* AtzucheRefreshStateHeader.m in Sources */ = {isa = PBXBuildFile; fileRef = F56E2EA92084AB17001A8C27 /* AtzucheRefreshStateHeader.m */; };
		F57EBFAD201F0BD20062A4AA /* UIView+AtzucheUIView.m in Sources */ = {isa = PBXBuildFile; fileRef = F57EBFAB201F0BD10062A4AA /* UIView+AtzucheUIView.m */; };
		F595677C1FAB4AD20068A04F /* ViewController.m in Sources */ = {isa = PBXBuildFile; fileRef = F595677B1FAB4AD20068A04F /* ViewController.m */; };
		F595677F1FAB4AD20068A04F /* Main.storyboard in Resources */ = {isa = PBXBuildFile; fileRef = F595677D1FAB4AD20068A04F /* Main.storyboard */; };
		F59567811FAB4AD20068A04F /* Assets.xcassets in Resources */ = {isa = PBXBuildFile; fileRef = F59567801FAB4AD20068A04F /* Assets.xcassets */; };
		F59567841FAB4AD20068A04F /* LaunchScreen.storyboard in Resources */ = {isa = PBXBuildFile; fileRef = F59567821FAB4AD20068A04F /* LaunchScreen.storyboard */; };
		F59567871FAB4AD20068A04F /* main.m in Sources */ = {isa = PBXBuildFile; fileRef = F59567861FAB4AD20068A04F /* main.m */; };
		F59567911FAB4AD20068A04F /* DemoTests.m in Sources */ = {isa = PBXBuildFile; fileRef = F59567901FAB4AD20068A04F /* DemoTests.m */; };
		F595679C1FAB4AD20068A04F /* DemoUITests.m in Sources */ = {isa = PBXBuildFile; fileRef = F595679B1FAB4AD20068A04F /* DemoUITests.m */; };
		F599D77E2019753800D33834 /* Country.m in Sources */ = {isa = PBXBuildFile; fileRef = F599D7712019753700D33834 /* Country.m */; };
		F599D77F2019753800D33834 /* Person.m in Sources */ = {isa = PBXBuildFile; fileRef = F599D7732019753700D33834 /* Person.m */; };
		F599D7802019753800D33834 /* SecondViewController.m in Sources */ = {isa = PBXBuildFile; fileRef = F599D7762019753800D33834 /* SecondViewController.m */; };
		F599D7812019753800D33834 /* AppDelegate.m in Sources */ = {isa = PBXBuildFile; fileRef = F599D7792019753800D33834 /* AppDelegate.m */; };
		F599D7822019753800D33834 /* NNValidationCodeView.m in Sources */ = {isa = PBXBuildFile; fileRef = F599D77D2019753800D33834 /* NNValidationCodeView.m */; };
		F599D786201978C400D33834 /* DemoTableViewCell.m in Sources */ = {isa = PBXBuildFile; fileRef = F599D785201978C400D33834 /* DemoTableViewCell.m */; };
		F599D78A2019B97400D33834 /* CycleScrollView.m in Sources */ = {isa = PBXBuildFile; fileRef = F599D7892019B97300D33834 /* CycleScrollView.m */; };
		F599D78D2019BA1D00D33834 /* NSTimer+Add.m in Sources */ = {isa = PBXBuildFile; fileRef = F599D78B2019BA1C00D33834 /* NSTimer+Add.m */; };
		F599D7912019BA8D00D33834 /* UIColor+AtzucheColor.m in Sources */ = {isa = PBXBuildFile; fileRef = F599D7902019BA8D00D33834 /* UIColor+AtzucheColor.m */; };
		F599D7942019BBC400D33834 /* ATCollectionViewDemoVC.m in Sources */ = {isa = PBXBuildFile; fileRef = F599D7932019BBC400D33834 /* ATCollectionViewDemoVC.m */; };
		F599D79A2019BC6D00D33834 /* 使用方法 in Resources */ = {isa = PBXBuildFile; fileRef = F599D7982019BC6D00D33834 /* 使用方法 */; };
		F599D79D2019C09B00D33834 /* AtzucheCycleScrollView.m in Sources */ = {isa = PBXBuildFile; fileRef = F599D79C2019C09B00D33834 /* AtzucheCycleScrollView.m */; };
		F5D8906920A0315C007F5A19 /* WKWebViewController.m in Sources */ = {isa = PBXBuildFile; fileRef = F5D8906820A0315C007F5A19 /* WKWebViewController.m */; };
		F5DC82D0201EEFFA005B2EA1 /* AtzucheHomeTitleFlowLayout.m in Sources */ = {isa = PBXBuildFile; fileRef = F5DC82CB201EEFFA005B2EA1 /* AtzucheHomeTitleFlowLayout.m */; };
		F5DC82D1201EEFFA005B2EA1 /* AtzucheHomeTitleCollectionCell.m in Sources */ = {isa = PBXBuildFile; fileRef = F5DC82CD201EEFFA005B2EA1 /* AtzucheHomeTitleCollectionCell.m */; };
		F5DC82D2201EEFFA005B2EA1 /* AtzucheHomeTitleCollectionView.m in Sources */ = {isa = PBXBuildFile; fileRef = F5DC82CF201EEFFA005B2EA1 /* AtzucheHomeTitleCollectionView.m */; };
		F5E289CC201F39F400731BCD /* AtzucheHomeNaviView.m in Sources */ = {isa = PBXBuildFile; fileRef = F5E289CB201F39F400731BCD /* AtzucheHomeNaviView.m */; };
		F5E289D0201F3E5A00731BCD /* HorizontalCollectionViewController.m in Sources */ = {isa = PBXBuildFile; fileRef = F5E289CF201F3E5A00731BCD /* HorizontalCollectionViewController.m */; };
		F5E289D4201F3EE200731BCD /* AtzucheHomeCityCollectionView.m in Sources */ = {isa = PBXBuildFile; fileRef = F5E289D3201F3EE200731BCD /* AtzucheHomeCityCollectionView.m */; };
		F5E289D7201F3EFC00731BCD /* AtzucheHomeCityCollectionCell.m in Sources */ = {isa = PBXBuildFile; fileRef = F5E289D6201F3EFC00731BCD /* AtzucheHomeCityCollectionCell.m */; };
		F5E289DA201F471D00731BCD /* AtzucheHomeCityFlowLayout.m in Sources */ = {isa = PBXBuildFile; fileRef = F5E289D9201F471D00731BCD /* AtzucheHomeCityFlowLayout.m */; };
		F5E9A621201F19B7000851B0 /* NJTitleButton.m in Sources */ = {isa = PBXBuildFile; fileRef = F5E9A61F201F19B6000851B0 /* NJTitleButton.m */; };
		F5FD0E3E208EF00600370196 /* PhoneFontViewController.m in Sources */ = {isa = PBXBuildFile; fileRef = F5FD0E3D208EF00600370196 /* PhoneFontViewController.m */; };
/* End PBXBuildFile section */

/* Begin PBXContainerItemProxy section */
		F595678D1FAB4AD20068A04F /* PBXContainerItemProxy */ = {
			isa = PBXContainerItemProxy;
			containerPortal = F595676C1FAB4AD20068A04F /* Project object */;
			proxyType = 1;
			remoteGlobalIDString = F59567731FAB4AD20068A04F;
			remoteInfo = Demo;
		};
		F59567981FAB4AD20068A04F /* PBXContainerItemProxy */ = {
			isa = PBXContainerItemProxy;
			containerPortal = F595676C1FAB4AD20068A04F /* Project object */;
			proxyType = 1;
			remoteGlobalIDString = F59567731FAB4AD20068A04F;
			remoteInfo = Demo;
		};
/* End PBXContainerItemProxy section */

/* Begin PBXFileReference section */
		69B2EA328EB0A39820DDBEDC /* Pods-Demo.debug.xcconfig */ = {isa = PBXFileReference; includeInIndex = 1; lastKnownFileType = text.xcconfig; name = "Pods-Demo.debug.xcconfig"; path = "Pods/Target Support Files/Pods-Demo/Pods-Demo.debug.xcconfig"; sourceTree = "<group>"; };
		C1A3EC334A534427B4F75C41 /* Pods-Demo.release.xcconfig */ = {isa = PBXFileReference; includeInIndex = 1; lastKnownFileType = text.xcconfig; name = "Pods-Demo.release.xcconfig"; path = "Pods/Target Support Files/Pods-Demo/Pods-Demo.release.xcconfig"; sourceTree = "<group>"; };
		D9508E5367DC2F3562C8F578 /* libPods-Demo.a */ = {isa = PBXFileReference; explicitFileType = archive.ar; includeInIndex = 0; path = "libPods-Demo.a"; sourceTree = BUILT_PRODUCTS_DIR; };
		F502F3BE20BD2D5A00643DF8 /* TableViewDeleteViewController.h */ = {isa = PBXFileReference; lastKnownFileType = sourcecode.c.h; path = TableViewDeleteViewController.h; sourceTree = "<group>"; };
		F502F3BF20BD2D5A00643DF8 /* TableViewDeleteViewController.m */ = {isa = PBXFileReference; lastKnownFileType = sourcecode.c.objc; path = TableViewDeleteViewController.m; sourceTree = "<group>"; };
		F50EF959201EFBAE00B395BF /* AtzucheChooseCarFlowLayout.h */ = {isa = PBXFileReference; lastKnownFileType = sourcecode.c.h; path = AtzucheChooseCarFlowLayout.h; sourceTree = "<group>"; };
		F50EF95A201EFBAE00B395BF /* AtzucheChooseCarFlowLayout.m */ = {isa = PBXFileReference; lastKnownFileType = sourcecode.c.objc; path = AtzucheChooseCarFlowLayout.m; sourceTree = "<group>"; };
		F50EF95C201EFBEB00B395BF /* AtzucheHomeChooseCarCollectionView.h */ = {isa = PBXFileReference; lastKnownFileType = sourcecode.c.h; path = AtzucheHomeChooseCarCollectionView.h; sourceTree = "<group>"; };
		F50EF95D201EFBEB00B395BF /* AtzucheHomeChooseCarCollectionView.m */ = {isa = PBXFileReference; lastKnownFileType = sourcecode.c.objc; path = AtzucheHomeChooseCarCollectionView.m; sourceTree = "<group>"; };
		F50EF95F201EFC0B00B395BF /* AtzucheHomeChooseCarCollectionCell.h */ = {isa = PBXFileReference; lastKnownFileType = sourcecode.c.h; path = AtzucheHomeChooseCarCollectionCell.h; sourceTree = "<group>"; };
		F50EF960201EFC0B00B395BF /* AtzucheHomeChooseCarCollectionCell.m */ = {isa = PBXFileReference; lastKnownFileType = sourcecode.c.objc; path = AtzucheHomeChooseCarCollectionCell.m; sourceTree = "<group>"; };
		F5335DDB2020087E0000C636 /* AtzucheHomeTitleViewController.h */ = {isa = PBXFileReference; lastKnownFileType = sourcecode.c.h; path = AtzucheHomeTitleViewController.h; sourceTree = "<group>"; };
		F5335DDC2020087E0000C636 /* AtzucheHomeTitleViewController.m */ = {isa = PBXFileReference; lastKnownFileType = sourcecode.c.objc; path = AtzucheHomeTitleViewController.m; sourceTree = "<group>"; };
		F535CDE4201F15AB00B1EDE4 /* AtzucheHomeCollectionHeaderView.h */ = {isa = PBXFileReference; lastKnownFileType = sourcecode.c.h; path = AtzucheHomeCollectionHeaderView.h; sourceTree = "<group>"; };
		F535CDE5201F15AB00B1EDE4 /* AtzucheHomeCollectionHeaderView.m */ = {isa = PBXFileReference; lastKnownFileType = sourcecode.c.objc; path = AtzucheHomeCollectionHeaderView.m; sourceTree = "<group>"; };
		F5464AA9206DDA400060D2AC /* MJIphoneXViewController.h */ = {isa = PBXFileReference; lastKnownFileType = sourcecode.c.h; path = MJIphoneXViewController.h; sourceTree = "<group>"; };
		F5464AAA206DDA400060D2AC /* MJIphoneXViewController.m */ = {isa = PBXFileReference; lastKnownFileType = sourcecode.c.objc; path = MJIphoneXViewController.m; sourceTree = "<group>"; };
		F56E2EA22084A185001A8C27 /* MJDIYHeader.h */ = {isa = PBXFileReference; fileEncoding = 4; lastKnownFileType = sourcecode.c.h; path = MJDIYHeader.h; sourceTree = "<group>"; };
		F56E2EA32084A185001A8C27 /* MJDIYHeader.m */ = {isa = PBXFileReference; fileEncoding = 4; lastKnownFileType = sourcecode.c.objc; path = MJDIYHeader.m; sourceTree = "<group>"; };
		F56E2EA82084AB17001A8C27 /* AtzucheRefreshStateHeader.h */ = {isa = PBXFileReference; lastKnownFileType = sourcecode.c.h; path = AtzucheRefreshStateHeader.h; sourceTree = "<group>"; };
		F56E2EA92084AB17001A8C27 /* AtzucheRefreshStateHeader.m */ = {isa = PBXFileReference; lastKnownFileType = sourcecode.c.objc; path = AtzucheRefreshStateHeader.m; sourceTree = "<group>"; };
		F57EBFAB201F0BD10062A4AA /* UIView+AtzucheUIView.m */ = {isa = PBXFileReference; fileEncoding = 4; lastKnownFileType = sourcecode.c.objc; path = "UIView+AtzucheUIView.m"; sourceTree = "<group>"; };
		F57EBFAC201F0BD10062A4AA /* UIView+AtzucheUIView.h */ = {isa = PBXFileReference; fileEncoding = 4; lastKnownFileType = sourcecode.c.h; path = "UIView+AtzucheUIView.h"; sourceTree = "<group>"; };
		F59567741FAB4AD20068A04F /* Demo.app */ = {isa = PBXFileReference; explicitFileType = wrapper.application; includeInIndex = 0; path = Demo.app; sourceTree = BUILT_PRODUCTS_DIR; };
		F595677A1FAB4AD20068A04F /* ViewController.h */ = {isa = PBXFileReference; lastKnownFileType = sourcecode.c.h; path = ViewController.h; sourceTree = "<group>"; };
		F595677B1FAB4AD20068A04F /* ViewController.m */ = {isa = PBXFileReference; lastKnownFileType = sourcecode.c.objc; path = ViewController.m; sourceTree = "<group>"; };
		F595677E1FAB4AD20068A04F /* Base */ = {isa = PBXFileReference; lastKnownFileType = file.storyboard; name = Base; path = Base.lproj/Main.storyboard; sourceTree = "<group>"; };
		F59567801FAB4AD20068A04F /* Assets.xcassets */ = {isa = PBXFileReference; lastKnownFileType = folder.assetcatalog; path = Assets.xcassets; sourceTree = "<group>"; };
		F59567831FAB4AD20068A04F /* Base */ = {isa = PBXFileReference; lastKnownFileType = file.storyboard; name = Base; path = Base.lproj/LaunchScreen.storyboard; sourceTree = "<group>"; };
		F59567851FAB4AD20068A04F /* Info.plist */ = {isa = PBXFileReference; lastKnownFileType = text.plist.xml; path = Info.plist; sourceTree = "<group>"; };
		F59567861FAB4AD20068A04F /* main.m */ = {isa = PBXFileReference; lastKnownFileType = sourcecode.c.objc; path = main.m; sourceTree = "<group>"; };
		F595678C1FAB4AD20068A04F /* DemoTests.xctest */ = {isa = PBXFileReference; explicitFileType = wrapper.cfbundle; includeInIndex = 0; path = DemoTests.xctest; sourceTree = BUILT_PRODUCTS_DIR; };
		F59567901FAB4AD20068A04F /* DemoTests.m */ = {isa = PBXFileReference; lastKnownFileType = sourcecode.c.objc; path = DemoTests.m; sourceTree = "<group>"; };
		F59567921FAB4AD20068A04F /* Info.plist */ = {isa = PBXFileReference; lastKnownFileType = text.plist.xml; path = Info.plist; sourceTree = "<group>"; };
		F59567971FAB4AD20068A04F /* DemoUITests.xctest */ = {isa = PBXFileReference; explicitFileType = wrapper.cfbundle; includeInIndex = 0; path = DemoUITests.xctest; sourceTree = BUILT_PRODUCTS_DIR; };
		F595679B1FAB4AD20068A04F /* DemoUITests.m */ = {isa = PBXFileReference; lastKnownFileType = sourcecode.c.objc; path = DemoUITests.m; sourceTree = "<group>"; };
		F595679D1FAB4AD20068A04F /* Info.plist */ = {isa = PBXFileReference; lastKnownFileType = text.plist.xml; path = Info.plist; sourceTree = "<group>"; };
		F599D7702019753700D33834 /* Country.h */ = {isa = PBXFileReference; fileEncoding = 4; lastKnownFileType = sourcecode.c.h; path = Country.h; sourceTree = "<group>"; };
		F599D7712019753700D33834 /* Country.m */ = {isa = PBXFileReference; fileEncoding = 4; lastKnownFileType = sourcecode.c.objc; path = Country.m; sourceTree = "<group>"; };
		F599D7722019753700D33834 /* Person.h */ = {isa = PBXFileReference; fileEncoding = 4; lastKnownFileType = sourcecode.c.h; path = Person.h; sourceTree = "<group>"; };
		F599D7732019753700D33834 /* Person.m */ = {isa = PBXFileReference; fileEncoding = 4; lastKnownFileType = sourcecode.c.objc; path = Person.m; sourceTree = "<group>"; };
		F599D7752019753800D33834 /* SecondViewController.h */ = {isa = PBXFileReference; fileEncoding = 4; lastKnownFileType = sourcecode.c.h; path = SecondViewController.h; sourceTree = "<group>"; };
		F599D7762019753800D33834 /* SecondViewController.m */ = {isa = PBXFileReference; fileEncoding = 4; lastKnownFileType = sourcecode.c.objc; path = SecondViewController.m; sourceTree = "<group>"; };
		F599D7782019753800D33834 /* AppDelegate.h */ = {isa = PBXFileReference; fileEncoding = 4; lastKnownFileType = sourcecode.c.h; path = AppDelegate.h; sourceTree = "<group>"; };
		F599D7792019753800D33834 /* AppDelegate.m */ = {isa = PBXFileReference; fileEncoding = 4; lastKnownFileType = sourcecode.c.objc; path = AppDelegate.m; sourceTree = "<group>"; };
		F599D77C2019753800D33834 /* NNValidationCodeView.h */ = {isa = PBXFileReference; fileEncoding = 4; lastKnownFileType = sourcecode.c.h; path = NNValidationCodeView.h; sourceTree = "<group>"; };
		F599D77D2019753800D33834 /* NNValidationCodeView.m */ = {isa = PBXFileReference; fileEncoding = 4; lastKnownFileType = sourcecode.c.objc; path = NNValidationCodeView.m; sourceTree = "<group>"; };
		F599D7832019754500D33834 /* Demo.pch */ = {isa = PBXFileReference; fileEncoding = 4; lastKnownFileType = sourcecode.c.h; path = Demo.pch; sourceTree = "<group>"; };
		F599D784201978C400D33834 /* DemoTableViewCell.h */ = {isa = PBXFileReference; lastKnownFileType = sourcecode.c.h; path = DemoTableViewCell.h; sourceTree = "<group>"; };
		F599D785201978C400D33834 /* DemoTableViewCell.m */ = {isa = PBXFileReference; lastKnownFileType = sourcecode.c.objc; path = DemoTableViewCell.m; sourceTree = "<group>"; };
		F599D7882019B97300D33834 /* CycleScrollView.h */ = {isa = PBXFileReference; fileEncoding = 4; lastKnownFileType = sourcecode.c.h; path = CycleScrollView.h; sourceTree = "<group>"; };
		F599D7892019B97300D33834 /* CycleScrollView.m */ = {isa = PBXFileReference; fileEncoding = 4; lastKnownFileType = sourcecode.c.objc; path = CycleScrollView.m; sourceTree = "<group>"; };
		F599D78B2019BA1C00D33834 /* NSTimer+Add.m */ = {isa = PBXFileReference; fileEncoding = 4; lastKnownFileType = sourcecode.c.objc; path = "NSTimer+Add.m"; sourceTree = "<group>"; };
		F599D78C2019BA1C00D33834 /* NSTimer+Add.h */ = {isa = PBXFileReference; fileEncoding = 4; lastKnownFileType = sourcecode.c.h; path = "NSTimer+Add.h"; sourceTree = "<group>"; };
		F599D78F2019BA8D00D33834 /* UIColor+AtzucheColor.h */ = {isa = PBXFileReference; fileEncoding = 4; lastKnownFileType = sourcecode.c.h; path = "UIColor+AtzucheColor.h"; sourceTree = "<group>"; };
		F599D7902019BA8D00D33834 /* UIColor+AtzucheColor.m */ = {isa = PBXFileReference; fileEncoding = 4; lastKnownFileType = sourcecode.c.objc; path = "UIColor+AtzucheColor.m"; sourceTree = "<group>"; };
		F599D7922019BBC300D33834 /* ATCollectionViewDemoVC.h */ = {isa = PBXFileReference; lastKnownFileType = sourcecode.c.h; path = ATCollectionViewDemoVC.h; sourceTree = "<group>"; };
		F599D7932019BBC400D33834 /* ATCollectionViewDemoVC.m */ = {isa = PBXFileReference; lastKnownFileType = sourcecode.c.objc; path = ATCollectionViewDemoVC.m; sourceTree = "<group>"; };
		F599D7982019BC6D00D33834 /* 使用方法 */ = {isa = PBXFileReference; fileEncoding = 4; lastKnownFileType = text; path = "使用方法"; sourceTree = "<group>"; };
		F599D79B2019C09B00D33834 /* AtzucheCycleScrollView.h */ = {isa = PBXFileReference; lastKnownFileType = sourcecode.c.h; path = AtzucheCycleScrollView.h; sourceTree = "<group>"; };
		F599D79C2019C09B00D33834 /* AtzucheCycleScrollView.m */ = {isa = PBXFileReference; lastKnownFileType = sourcecode.c.objc; path = AtzucheCycleScrollView.m; sourceTree = "<group>"; };
		F5D8906720A0315C007F5A19 /* WKWebViewController.h */ = {isa = PBXFileReference; lastKnownFileType = sourcecode.c.h; path = WKWebViewController.h; sourceTree = "<group>"; };
		F5D8906820A0315C007F5A19 /* WKWebViewController.m */ = {isa = PBXFileReference; lastKnownFileType = sourcecode.c.objc; path = WKWebViewController.m; sourceTree = "<group>"; };
		F5DC82CA201EEFFA005B2EA1 /* AtzucheHomeTitleFlowLayout.h */ = {isa = PBXFileReference; fileEncoding = 4; lastKnownFileType = sourcecode.c.h; path = AtzucheHomeTitleFlowLayout.h; sourceTree = "<group>"; };
		F5DC82CB201EEFFA005B2EA1 /* AtzucheHomeTitleFlowLayout.m */ = {isa = PBXFileReference; fileEncoding = 4; lastKnownFileType = sourcecode.c.objc; path = AtzucheHomeTitleFlowLayout.m; sourceTree = "<group>"; };
		F5DC82CC201EEFFA005B2EA1 /* AtzucheHomeTitleCollectionCell.h */ = {isa = PBXFileReference; fileEncoding = 4; lastKnownFileType = sourcecode.c.h; path = AtzucheHomeTitleCollectionCell.h; sourceTree = "<group>"; };
		F5DC82CD201EEFFA005B2EA1 /* AtzucheHomeTitleCollectionCell.m */ = {isa = PBXFileReference; fileEncoding = 4; lastKnownFileType = sourcecode.c.objc; path = AtzucheHomeTitleCollectionCell.m; sourceTree = "<group>"; };
		F5DC82CE201EEFFA005B2EA1 /* AtzucheHomeTitleCollectionView.h */ = {isa = PBXFileReference; fileEncoding = 4; lastKnownFileType = sourcecode.c.h; path = AtzucheHomeTitleCollectionView.h; sourceTree = "<group>"; };
		F5DC82CF201EEFFA005B2EA1 /* AtzucheHomeTitleCollectionView.m */ = {isa = PBXFileReference; fileEncoding = 4; lastKnownFileType = sourcecode.c.objc; path = AtzucheHomeTitleCollectionView.m; sourceTree = "<group>"; };
		F5E289CA201F39F400731BCD /* AtzucheHomeNaviView.h */ = {isa = PBXFileReference; lastKnownFileType = sourcecode.c.h; path = AtzucheHomeNaviView.h; sourceTree = "<group>"; };
		F5E289CB201F39F400731BCD /* AtzucheHomeNaviView.m */ = {isa = PBXFileReference; lastKnownFileType = sourcecode.c.objc; path = AtzucheHomeNaviView.m; sourceTree = "<group>"; };
		F5E289CE201F3E5A00731BCD /* HorizontalCollectionViewController.h */ = {isa = PBXFileReference; lastKnownFileType = sourcecode.c.h; path = HorizontalCollectionViewController.h; sourceTree = "<group>"; };
		F5E289CF201F3E5A00731BCD /* HorizontalCollectionViewController.m */ = {isa = PBXFileReference; lastKnownFileType = sourcecode.c.objc; path = HorizontalCollectionViewController.m; sourceTree = "<group>"; };
		F5E289D2201F3EE200731BCD /* AtzucheHomeCityCollectionView.h */ = {isa = PBXFileReference; lastKnownFileType = sourcecode.c.h; path = AtzucheHomeCityCollectionView.h; sourceTree = "<group>"; };
		F5E289D3201F3EE200731BCD /* AtzucheHomeCityCollectionView.m */ = {isa = PBXFileReference; lastKnownFileType = sourcecode.c.objc; path = AtzucheHomeCityCollectionView.m; sourceTree = "<group>"; };
		F5E289D5201F3EFC00731BCD /* AtzucheHomeCityCollectionCell.h */ = {isa = PBXFileReference; lastKnownFileType = sourcecode.c.h; path = AtzucheHomeCityCollectionCell.h; sourceTree = "<group>"; };
		F5E289D6201F3EFC00731BCD /* AtzucheHomeCityCollectionCell.m */ = {isa = PBXFileReference; lastKnownFileType = sourcecode.c.objc; path = AtzucheHomeCityCollectionCell.m; sourceTree = "<group>"; };
		F5E289D8201F471D00731BCD /* AtzucheHomeCityFlowLayout.h */ = {isa = PBXFileReference; lastKnownFileType = sourcecode.c.h; path = AtzucheHomeCityFlowLayout.h; sourceTree = "<group>"; };
		F5E289D9201F471D00731BCD /* AtzucheHomeCityFlowLayout.m */ = {isa = PBXFileReference; lastKnownFileType = sourcecode.c.objc; path = AtzucheHomeCityFlowLayout.m; sourceTree = "<group>"; };
		F5E9A61F201F19B6000851B0 /* NJTitleButton.m */ = {isa = PBXFileReference; fileEncoding = 4; lastKnownFileType = sourcecode.c.objc; path = NJTitleButton.m; sourceTree = "<group>"; };
		F5E9A620201F19B7000851B0 /* NJTitleButton.h */ = {isa = PBXFileReference; fileEncoding = 4; lastKnownFileType = sourcecode.c.h; path = NJTitleButton.h; sourceTree = "<group>"; };
		F5FD0E3C208EF00600370196 /* PhoneFontViewController.h */ = {isa = PBXFileReference; lastKnownFileType = sourcecode.c.h; path = PhoneFontViewController.h; sourceTree = "<group>"; };
		F5FD0E3D208EF00600370196 /* PhoneFontViewController.m */ = {isa = PBXFileReference; lastKnownFileType = sourcecode.c.objc; path = PhoneFontViewController.m; sourceTree = "<group>"; };
/* End PBXFileReference section */

/* Begin PBXFrameworksBuildPhase section */
		F59567711FAB4AD20068A04F /* Frameworks */ = {
			isa = PBXFrameworksBuildPhase;
			buildActionMask = 2147483647;
			files = (
				EA5B67E1D4EA6F0AF71212FD /* libPods-Demo.a in Frameworks */,
			);
			runOnlyForDeploymentPostprocessing = 0;
		};
		F59567891FAB4AD20068A04F /* Frameworks */ = {
			isa = PBXFrameworksBuildPhase;
			buildActionMask = 2147483647;
			files = (
			);
			runOnlyForDeploymentPostprocessing = 0;
		};
		F59567941FAB4AD20068A04F /* Frameworks */ = {
			isa = PBXFrameworksBuildPhase;
			buildActionMask = 2147483647;
			files = (
			);
			runOnlyForDeploymentPostprocessing = 0;
		};
/* End PBXFrameworksBuildPhase section */

/* Begin PBXGroup section */
		988027578FBBDF25E90DE96C /* Frameworks */ = {
			isa = PBXGroup;
			children = (
				D9508E5367DC2F3562C8F578 /* libPods-Demo.a */,
			);
			name = Frameworks;
			sourceTree = "<group>";
		};
		9DDA882E3BA37FECE97A620A /* Pods */ = {
			isa = PBXGroup;
			children = (
				69B2EA328EB0A39820DDBEDC /* Pods-Demo.debug.xcconfig */,
				C1A3EC334A534427B4F75C41 /* Pods-Demo.release.xcconfig */,
			);
			name = Pods;
			sourceTree = "<group>";
		};
		F502F3BD20BD2D4700643DF8 /* TableViewDelete */ = {
			isa = PBXGroup;
			children = (
				F502F3BE20BD2D5A00643DF8 /* TableViewDeleteViewController.h */,
				F502F3BF20BD2D5A00643DF8 /* TableViewDeleteViewController.m */,
			);
			path = TableViewDelete;
			sourceTree = "<group>";
		};
		F50EF958201EFB9100B395BF /* AtHomeChooseCarCollectionView */ = {
			isa = PBXGroup;
			children = (
				F50EF959201EFBAE00B395BF /* AtzucheChooseCarFlowLayout.h */,
				F50EF95A201EFBAE00B395BF /* AtzucheChooseCarFlowLayout.m */,
				F50EF95C201EFBEB00B395BF /* AtzucheHomeChooseCarCollectionView.h */,
				F50EF95D201EFBEB00B395BF /* AtzucheHomeChooseCarCollectionView.m */,
				F50EF95F201EFC0B00B395BF /* AtzucheHomeChooseCarCollectionCell.h */,
				F50EF960201EFC0B00B395BF /* AtzucheHomeChooseCarCollectionCell.m */,
			);
			path = AtHomeChooseCarCollectionView;
			sourceTree = "<group>";
		};
		F5464AA8206DD9F20060D2AC /* MJ_IPhoneXDemo */ = {
			isa = PBXGroup;
			children = (
				F5464AA9206DDA400060D2AC /* MJIphoneXViewController.h */,
				F5464AAA206DDA400060D2AC /* MJIphoneXViewController.m */,
				F56E2EA82084AB17001A8C27 /* AtzucheRefreshStateHeader.h */,
				F56E2EA92084AB17001A8C27 /* AtzucheRefreshStateHeader.m */,
				F56E2EA22084A185001A8C27 /* MJDIYHeader.h */,
				F56E2EA32084A185001A8C27 /* MJDIYHeader.m */,
			);
			path = MJ_IPhoneXDemo;
			sourceTree = "<group>";
		};
		F595676B1FAB4AD20068A04F = {
			isa = PBXGroup;
			children = (
				F59567761FAB4AD20068A04F /* Demo */,
				F595678F1FAB4AD20068A04F /* DemoTests */,
				F595679A1FAB4AD20068A04F /* DemoUITests */,
				F59567751FAB4AD20068A04F /* Products */,
				9DDA882E3BA37FECE97A620A /* Pods */,
				988027578FBBDF25E90DE96C /* Frameworks */,
			);
			sourceTree = "<group>";
		};
		F59567751FAB4AD20068A04F /* Products */ = {
			isa = PBXGroup;
			children = (
				F59567741FAB4AD20068A04F /* Demo.app */,
				F595678C1FAB4AD20068A04F /* DemoTests.xctest */,
				F59567971FAB4AD20068A04F /* DemoUITests.xctest */,
			);
			name = Products;
			sourceTree = "<group>";
		};
		F59567761FAB4AD20068A04F /* Demo */ = {
			isa = PBXGroup;
			children = (
				F502F3BD20BD2D4700643DF8 /* TableViewDelete */,
				F599D78E2019BA8D00D33834 /* Category */,
				F599D7772019753800D33834 /* AppDelegate */,
				F599D77A2019753800D33834 /* CollectionDemo */,
				F5E289CD201F3E2F00731BCD /* HorizontalCollectionDemo */,
				F5464AA8206DD9F20060D2AC /* MJ_IPhoneXDemo */,
				F5FD0E3B208EEFE100370196 /* iPhoneFont */,
				F599D7742019753800D33834 /* Controller */,
				F599D76F2019753700D33834 /* Model */,
				F599D77B2019753800D33834 /* ValidationCodeDemo */,
				F595677A1FAB4AD20068A04F /* ViewController.h */,
				F595677B1FAB4AD20068A04F /* ViewController.m */,
				F595677D1FAB4AD20068A04F /* Main.storyboard */,
				F59567801FAB4AD20068A04F /* Assets.xcassets */,
				F59567821FAB4AD20068A04F /* LaunchScreen.storyboard */,
				F59567851FAB4AD20068A04F /* Info.plist */,
				F59567861FAB4AD20068A04F /* main.m */,
				F599D7832019754500D33834 /* Demo.pch */,
			);
			path = Demo;
			sourceTree = "<group>";
		};
		F595678F1FAB4AD20068A04F /* DemoTests */ = {
			isa = PBXGroup;
			children = (
				F59567901FAB4AD20068A04F /* DemoTests.m */,
				F59567921FAB4AD20068A04F /* Info.plist */,
			);
			path = DemoTests;
			sourceTree = "<group>";
		};
		F595679A1FAB4AD20068A04F /* DemoUITests */ = {
			isa = PBXGroup;
			children = (
				F595679B1FAB4AD20068A04F /* DemoUITests.m */,
				F595679D1FAB4AD20068A04F /* Info.plist */,
			);
			path = DemoUITests;
			sourceTree = "<group>";
		};
		F599D76F2019753700D33834 /* Model */ = {
			isa = PBXGroup;
			children = (
				F599D7702019753700D33834 /* Country.h */,
				F599D7712019753700D33834 /* Country.m */,
				F599D7722019753700D33834 /* Person.h */,
				F599D7732019753700D33834 /* Person.m */,
			);
			path = Model;
			sourceTree = "<group>";
		};
		F599D7742019753800D33834 /* Controller */ = {
			isa = PBXGroup;
			children = (
				F599D7752019753800D33834 /* SecondViewController.h */,
				F599D7762019753800D33834 /* SecondViewController.m */,
				F599D784201978C400D33834 /* DemoTableViewCell.h */,
				F599D785201978C400D33834 /* DemoTableViewCell.m */,
			);
			path = Controller;
			sourceTree = "<group>";
		};
		F599D7772019753800D33834 /* AppDelegate */ = {
			isa = PBXGroup;
			children = (
				F599D7782019753800D33834 /* AppDelegate.h */,
				F599D7792019753800D33834 /* AppDelegate.m */,
			);
			path = AppDelegate;
			sourceTree = "<group>";
		};
		F599D77A2019753800D33834 /* CollectionDemo */ = {
			isa = PBXGroup;
			children = (
				F5D8906620A0314E007F5A19 /* WKWebView */,
				F5E289C9201F39D700731BCD /* AtHomeNaviView */,
				F50EF958201EFB9100B395BF /* AtHomeChooseCarCollectionView */,
				F599D7872019B97300D33834 /* view */,
				F599D7952019BC6D00D33834 /* CJCiycleScrollView */,
				F5DC82C9201EEFFA005B2EA1 /* AtHomeTitleCollectionView */,
				F599D7922019BBC300D33834 /* ATCollectionViewDemoVC.h */,
				F599D7932019BBC400D33834 /* ATCollectionViewDemoVC.m */,
			);
			path = CollectionDemo;
			sourceTree = "<group>";
		};
		F599D77B2019753800D33834 /* ValidationCodeDemo */ = {
			isa = PBXGroup;
			children = (
				F599D77C2019753800D33834 /* NNValidationCodeView.h */,
				F599D77D2019753800D33834 /* NNValidationCodeView.m */,
			);
			path = ValidationCodeDemo;
			sourceTree = "<group>";
		};
		F599D7872019B97300D33834 /* view */ = {
			isa = PBXGroup;
			children = (
				F599D7882019B97300D33834 /* CycleScrollView.h */,
				F599D7892019B97300D33834 /* CycleScrollView.m */,
				F599D78C2019BA1C00D33834 /* NSTimer+Add.h */,
				F599D78B2019BA1C00D33834 /* NSTimer+Add.m */,
			);
			path = view;
			sourceTree = "<group>";
		};
		F599D78E2019BA8D00D33834 /* Category */ = {
			isa = PBXGroup;
			children = (
				F599D78F2019BA8D00D33834 /* UIColor+AtzucheColor.h */,
				F599D7902019BA8D00D33834 /* UIColor+AtzucheColor.m */,
				F57EBFAC201F0BD10062A4AA /* UIView+AtzucheUIView.h */,
				F57EBFAB201F0BD10062A4AA /* UIView+AtzucheUIView.m */,
				F5E9A620201F19B7000851B0 /* NJTitleButton.h */,
				F5E9A61F201F19B6000851B0 /* NJTitleButton.m */,
			);
			path = Category;
			sourceTree = "<group>";
		};
		F599D7952019BC6D00D33834 /* CJCiycleScrollView */ = {
			isa = PBXGroup;
			children = (
				F599D79B2019C09B00D33834 /* AtzucheCycleScrollView.h */,
				F599D79C2019C09B00D33834 /* AtzucheCycleScrollView.m */,
				F599D7982019BC6D00D33834 /* 使用方法 */,
			);
			path = CJCiycleScrollView;
			sourceTree = "<group>";
		};
		F5D8906620A0314E007F5A19 /* WKWebView */ = {
			isa = PBXGroup;
			children = (
				F5D8906720A0315C007F5A19 /* WKWebViewController.h */,
				F5D8906820A0315C007F5A19 /* WKWebViewController.m */,
			);
			name = WKWebView;
			path = Demo/WKWebView;
			sourceTree = SOURCE_ROOT;
		};
		F5DC82C9201EEFFA005B2EA1 /* AtHomeTitleCollectionView */ = {
			isa = PBXGroup;
			children = (
				F5335DDB2020087E0000C636 /* AtzucheHomeTitleViewController.h */,
				F5335DDC2020087E0000C636 /* AtzucheHomeTitleViewController.m */,
				F5DC82CA201EEFFA005B2EA1 /* AtzucheHomeTitleFlowLayout.h */,
				F5DC82CB201EEFFA005B2EA1 /* AtzucheHomeTitleFlowLayout.m */,
				F535CDE4201F15AB00B1EDE4 /* AtzucheHomeCollectionHeaderView.h */,
				F535CDE5201F15AB00B1EDE4 /* AtzucheHomeCollectionHeaderView.m */,
				F5DC82CE201EEFFA005B2EA1 /* AtzucheHomeTitleCollectionView.h */,
				F5DC82CF201EEFFA005B2EA1 /* AtzucheHomeTitleCollectionView.m */,
				F5DC82CC201EEFFA005B2EA1 /* AtzucheHomeTitleCollectionCell.h */,
				F5DC82CD201EEFFA005B2EA1 /* AtzucheHomeTitleCollectionCell.m */,
			);
			path = AtHomeTitleCollectionView;
			sourceTree = "<group>";
		};
		F5E289C9201F39D700731BCD /* AtHomeNaviView */ = {
			isa = PBXGroup;
			children = (
				F5E289CA201F39F400731BCD /* AtzucheHomeNaviView.h */,
				F5E289CB201F39F400731BCD /* AtzucheHomeNaviView.m */,
			);
			path = AtHomeNaviView;
			sourceTree = "<group>";
		};
		F5E289CD201F3E2F00731BCD /* HorizontalCollectionDemo */ = {
			isa = PBXGroup;
			children = (
				F5E289CE201F3E5A00731BCD /* HorizontalCollectionViewController.h */,
				F5E289CF201F3E5A00731BCD /* HorizontalCollectionViewController.m */,
				F5E289D1201F3ECB00731BCD /* AtHomeCityCollectionView */,
			);
			path = HorizontalCollectionDemo;
			sourceTree = "<group>";
		};
		F5E289D1201F3ECB00731BCD /* AtHomeCityCollectionView */ = {
			isa = PBXGroup;
			children = (
				F5E289D8201F471D00731BCD /* AtzucheHomeCityFlowLayout.h */,
				F5E289D9201F471D00731BCD /* AtzucheHomeCityFlowLayout.m */,
				F5E289D2201F3EE200731BCD /* AtzucheHomeCityCollectionView.h */,
				F5E289D3201F3EE200731BCD /* AtzucheHomeCityCollectionView.m */,
				F5E289D5201F3EFC00731BCD /* AtzucheHomeCityCollectionCell.h */,
				F5E289D6201F3EFC00731BCD /* AtzucheHomeCityCollectionCell.m */,
			);
			path = AtHomeCityCollectionView;
			sourceTree = "<group>";
		};
		F5FD0E3B208EEFE100370196 /* iPhoneFont */ = {
			isa = PBXGroup;
			children = (
				F5FD0E3C208EF00600370196 /* PhoneFontViewController.h */,
				F5FD0E3D208EF00600370196 /* PhoneFontViewController.m */,
			);
			path = iPhoneFont;
			sourceTree = "<group>";
		};
/* End PBXGroup section */

/* Begin PBXNativeTarget section */
		F59567731FAB4AD20068A04F /* Demo */ = {
			isa = PBXNativeTarget;
			buildConfigurationList = F59567A01FAB4AD20068A04F /* Build configuration list for PBXNativeTarget "Demo" */;
			buildPhases = (
				FAC01AEF200F8FB48B4E652C /* [CP] Check Pods Manifest.lock */,
				F59567701FAB4AD20068A04F /* Sources */,
				F59567711FAB4AD20068A04F /* Frameworks */,
				F59567721FAB4AD20068A04F /* Resources */,
				CBB48B3D0DB524EAF5021083 /* [CP] Embed Pods Frameworks */,
				1B65B87D267F5F17E35ED7FA /* [CP] Copy Pods Resources */,
			);
			buildRules = (
			);
			dependencies = (
			);
			name = Demo;
			productName = Demo;
			productReference = F59567741FAB4AD20068A04F /* Demo.app */;
			productType = "com.apple.product-type.application";
		};
		F595678B1FAB4AD20068A04F /* DemoTests */ = {
			isa = PBXNativeTarget;
			buildConfigurationList = F59567A31FAB4AD20068A04F /* Build configuration list for PBXNativeTarget "DemoTests" */;
			buildPhases = (
				F59567881FAB4AD20068A04F /* Sources */,
				F59567891FAB4AD20068A04F /* Frameworks */,
				F595678A1FAB4AD20068A04F /* Resources */,
			);
			buildRules = (
			);
			dependencies = (
				F595678E1FAB4AD20068A04F /* PBXTargetDependency */,
			);
			name = DemoTests;
			productName = DemoTests;
			productReference = F595678C1FAB4AD20068A04F /* DemoTests.xctest */;
			productType = "com.apple.product-type.bundle.unit-test";
		};
		F59567961FAB4AD20068A04F /* DemoUITests */ = {
			isa = PBXNativeTarget;
			buildConfigurationList = F59567A61FAB4AD20068A04F /* Build configuration list for PBXNativeTarget "DemoUITests" */;
			buildPhases = (
				F59567931FAB4AD20068A04F /* Sources */,
				F59567941FAB4AD20068A04F /* Frameworks */,
				F59567951FAB4AD20068A04F /* Resources */,
			);
			buildRules = (
			);
			dependencies = (
				F59567991FAB4AD20068A04F /* PBXTargetDependency */,
			);
			name = DemoUITests;
			productName = DemoUITests;
			productReference = F59567971FAB4AD20068A04F /* DemoUITests.xctest */;
			productType = "com.apple.product-type.bundle.ui-testing";
		};
/* End PBXNativeTarget section */

/* Begin PBXProject section */
		F595676C1FAB4AD20068A04F /* Project object */ = {
			isa = PBXProject;
			attributes = {
				LastUpgradeCheck = 0910;
				ORGANIZATIONNAME = ChenJie;
				TargetAttributes = {
					F59567731FAB4AD20068A04F = {
						CreatedOnToolsVersion = 9.1;
						ProvisioningStyle = Automatic;
					};
					F595678B1FAB4AD20068A04F = {
						CreatedOnToolsVersion = 9.1;
						ProvisioningStyle = Automatic;
						TestTargetID = F59567731FAB4AD20068A04F;
					};
					F59567961FAB4AD20068A04F = {
						CreatedOnToolsVersion = 9.1;
						ProvisioningStyle = Automatic;
						TestTargetID = F59567731FAB4AD20068A04F;
					};
				};
			};
			buildConfigurationList = F595676F1FAB4AD20068A04F /* Build configuration list for PBXProject "Demo" */;
			compatibilityVersion = "Xcode 8.0";
			developmentRegion = en;
			hasScannedForEncodings = 0;
			knownRegions = (
				en,
				Base,
			);
			mainGroup = F595676B1FAB4AD20068A04F;
			productRefGroup = F59567751FAB4AD20068A04F /* Products */;
			projectDirPath = "";
			projectRoot = "";
			targets = (
				F59567731FAB4AD20068A04F /* Demo */,
				F595678B1FAB4AD20068A04F /* DemoTests */,
				F59567961FAB4AD20068A04F /* DemoUITests */,
			);
		};
/* End PBXProject section */

/* Begin PBXResourcesBuildPhase section */
		F59567721FAB4AD20068A04F /* Resources */ = {
			isa = PBXResourcesBuildPhase;
			buildActionMask = 2147483647;
			files = (
				F59567841FAB4AD20068A04F /* LaunchScreen.storyboard in Resources */,
				F599D79A2019BC6D00D33834 /* 使用方法 in Resources */,
				F59567811FAB4AD20068A04F /* Assets.xcassets in Resources */,
				F595677F1FAB4AD20068A04F /* Main.storyboard in Resources */,
			);
			runOnlyForDeploymentPostprocessing = 0;
		};
		F595678A1FAB4AD20068A04F /* Resources */ = {
			isa = PBXResourcesBuildPhase;
			buildActionMask = 2147483647;
			files = (
			);
			runOnlyForDeploymentPostprocessing = 0;
		};
		F59567951FAB4AD20068A04F /* Resources */ = {
			isa = PBXResourcesBuildPhase;
			buildActionMask = 2147483647;
			files = (
			);
			runOnlyForDeploymentPostprocessing = 0;
		};
/* End PBXResourcesBuildPhase section */

/* Begin PBXShellScriptBuildPhase section */
		1B65B87D267F5F17E35ED7FA /* [CP] Copy Pods Resources */ = {
			isa = PBXShellScriptBuildPhase;
			buildActionMask = 2147483647;
			files = (
			);
			inputPaths = (
				"${SRCROOT}/Pods/Target Support Files/Pods-Demo/Pods-Demo-resources.sh",
				"${PODS_ROOT}/AMap2DMap-NO-IDFA/MAMapKit.framework/AMap.bundle",
				"${PODS_ROOT}/MJRefresh/MJRefresh/MJRefresh.bundle",
			);
			name = "[CP] Copy Pods Resources";
			outputPaths = (
				"${TARGET_BUILD_DIR}/${UNLOCALIZED_RESOURCES_FOLDER_PATH}",
			);
			runOnlyForDeploymentPostprocessing = 0;
			shellPath = /bin/sh;
			shellScript = "\"${SRCROOT}/Pods/Target Support Files/Pods-Demo/Pods-Demo-resources.sh\"\n";
			showEnvVarsInLog = 0;
		};
		CBB48B3D0DB524EAF5021083 /* [CP] Embed Pods Frameworks */ = {
			isa = PBXShellScriptBuildPhase;
			buildActionMask = 2147483647;
			files = (
			);
			inputPaths = (
			);
			name = "[CP] Embed Pods Frameworks";
			outputPaths = (
			);
			runOnlyForDeploymentPostprocessing = 0;
			shellPath = /bin/sh;
			shellScript = "\"${SRCROOT}/Pods/Target Support Files/Pods-Demo/Pods-Demo-frameworks.sh\"\n";
			showEnvVarsInLog = 0;
		};
		FAC01AEF200F8FB48B4E652C /* [CP] Check Pods Manifest.lock */ = {
			isa = PBXShellScriptBuildPhase;
			buildActionMask = 2147483647;
			files = (
			);
			inputPaths = (
				"${PODS_PODFILE_DIR_PATH}/Podfile.lock",
				"${PODS_ROOT}/Manifest.lock",
			);
			name = "[CP] Check Pods Manifest.lock";
			outputPaths = (
				"$(DERIVED_FILE_DIR)/Pods-Demo-checkManifestLockResult.txt",
			);
			runOnlyForDeploymentPostprocessing = 0;
			shellPath = /bin/sh;
			shellScript = "diff \"${PODS_PODFILE_DIR_PATH}/Podfile.lock\" \"${PODS_ROOT}/Manifest.lock\" > /dev/null\nif [ $? != 0 ] ; then\n    # print error to STDERR\n    echo \"error: The sandbox is not in sync with the Podfile.lock. Run 'pod install' or update your CocoaPods installation.\" >&2\n    exit 1\nfi\n# This output is used by Xcode 'outputs' to avoid re-running this script phase.\necho \"SUCCESS\" > \"${SCRIPT_OUTPUT_FILE_0}\"\n";
			showEnvVarsInLog = 0;
		};
/* End PBXShellScriptBuildPhase section */

/* Begin PBXSourcesBuildPhase section */
		F59567701FAB4AD20068A04F /* Sources */ = {
			isa = PBXSourcesBuildPhase;
			buildActionMask = 2147483647;
			files = (
				F5E289CC201F39F400731BCD /* AtzucheHomeNaviView.m in Sources */,
				F599D78A2019B97400D33834 /* CycleScrollView.m in Sources */,
				F599D7802019753800D33834 /* SecondViewController.m in Sources */,
				F56E2EAA2084AB17001A8C27 /* AtzucheRefreshStateHeader.m in Sources */,
				F5FD0E3E208EF00600370196 /* PhoneFontViewController.m in Sources */,
				F5D8906920A0315C007F5A19 /* WKWebViewController.m in Sources */,
				F57EBFAD201F0BD20062A4AA /* UIView+AtzucheUIView.m in Sources */,
				F5DC82D2201EEFFA005B2EA1 /* AtzucheHomeTitleCollectionView.m in Sources */,
				F5DC82D0201EEFFA005B2EA1 /* AtzucheHomeTitleFlowLayout.m in Sources */,
				F5E289D7201F3EFC00731BCD /* AtzucheHomeCityCollectionCell.m in Sources */,
				F595677C1FAB4AD20068A04F /* ViewController.m in Sources */,
				F599D7812019753800D33834 /* AppDelegate.m in Sources */,
				F599D77E2019753800D33834 /* Country.m in Sources */,
				F56E2EA42084A186001A8C27 /* MJDIYHeader.m in Sources */,
				F5E9A621201F19B7000851B0 /* NJTitleButton.m in Sources */,
				F5DC82D1201EEFFA005B2EA1 /* AtzucheHomeTitleCollectionCell.m in Sources */,
				F599D77F2019753800D33834 /* Person.m in Sources */,
				F502F3C020BD2D5A00643DF8 /* TableViewDeleteViewController.m in Sources */,
				F5E289D0201F3E5A00731BCD /* HorizontalCollectionViewController.m in Sources */,
				F535CDE6201F15AB00B1EDE4 /* AtzucheHomeCollectionHeaderView.m in Sources */,
				F599D7822019753800D33834 /* NNValidationCodeView.m in Sources */,
				F599D7912019BA8D00D33834 /* UIColor+AtzucheColor.m in Sources */,
				F599D79D2019C09B00D33834 /* AtzucheCycleScrollView.m in Sources */,
				F50EF95E201EFBEB00B395BF /* AtzucheHomeChooseCarCollectionView.m in Sources */,
				F599D786201978C400D33834 /* DemoTableViewCell.m in Sources */,
				F5E289DA201F471D00731BCD /* AtzucheHomeCityFlowLayout.m in Sources */,
				F599D7942019BBC400D33834 /* ATCollectionViewDemoVC.m in Sources */,
				F5335DDD2020087E0000C636 /* AtzucheHomeTitleViewController.m in Sources */,
				F50EF95B201EFBAE00B395BF /* AtzucheChooseCarFlowLayout.m in Sources */,
				F599D78D2019BA1D00D33834 /* NSTimer+Add.m in Sources */,
				F5464AAB206DDA400060D2AC /* MJIphoneXViewController.m in Sources */,
				F50EF961201EFC0B00B395BF /* AtzucheHomeChooseCarCollectionCell.m in Sources */,
				F5E289D4201F3EE200731BCD /* AtzucheHomeCityCollectionView.m in Sources */,
				F59567871FAB4AD20068A04F /* main.m in Sources */,
			);
			runOnlyForDeploymentPostprocessing = 0;
		};
		F59567881FAB4AD20068A04F /* Sources */ = {
			isa = PBXSourcesBuildPhase;
			buildActionMask = 2147483647;
			files = (
				F59567911FAB4AD20068A04F /* DemoTests.m in Sources */,
			);
			runOnlyForDeploymentPostprocessing = 0;
		};
		F59567931FAB4AD20068A04F /* Sources */ = {
			isa = PBXSourcesBuildPhase;
			buildActionMask = 2147483647;
			files = (
				F595679C1FAB4AD20068A04F /* DemoUITests.m in Sources */,
			);
			runOnlyForDeploymentPostprocessing = 0;
		};
/* End PBXSourcesBuildPhase section */

/* Begin PBXTargetDependency section */
		F595678E1FAB4AD20068A04F /* PBXTargetDependency */ = {
			isa = PBXTargetDependency;
			target = F59567731FAB4AD20068A04F /* Demo */;
			targetProxy = F595678D1FAB4AD20068A04F /* PBXContainerItemProxy */;
		};
		F59567991FAB4AD20068A04F /* PBXTargetDependency */ = {
			isa = PBXTargetDependency;
			target = F59567731FAB4AD20068A04F /* Demo */;
			targetProxy = F59567981FAB4AD20068A04F /* PBXContainerItemProxy */;
		};
/* End PBXTargetDependency section */

/* Begin PBXVariantGroup section */
		F595677D1FAB4AD20068A04F /* Main.storyboard */ = {
			isa = PBXVariantGroup;
			children = (
				F595677E1FAB4AD20068A04F /* Base */,
			);
			name = Main.storyboard;
			sourceTree = "<group>";
		};
		F59567821FAB4AD20068A04F /* LaunchScreen.storyboard */ = {
			isa = PBXVariantGroup;
			children = (
				F59567831FAB4AD20068A04F /* Base */,
			);
			name = LaunchScreen.storyboard;
			sourceTree = "<group>";
		};
/* End PBXVariantGroup section */

/* Begin XCBuildConfiguration section */
		F595679E1FAB4AD20068A04F /* Debug */ = {
			isa = XCBuildConfiguration;
			buildSettings = {
				ALWAYS_SEARCH_USER_PATHS = NO;
				CLANG_ANALYZER_NONNULL = YES;
				CLANG_ANALYZER_NUMBER_OBJECT_CONVERSION = YES_AGGRESSIVE;
				CLANG_CXX_LANGUAGE_STANDARD = "gnu++14";
				CLANG_CXX_LIBRARY = "libc++";
				CLANG_ENABLE_MODULES = YES;
				CLANG_ENABLE_OBJC_ARC = YES;
				CLANG_WARN_BLOCK_CAPTURE_AUTORELEASING = YES;
				CLANG_WARN_BOOL_CONVERSION = YES;
				CLANG_WARN_COMMA = YES;
				CLANG_WARN_CONSTANT_CONVERSION = YES;
				CLANG_WARN_DIRECT_OBJC_ISA_USAGE = YES_ERROR;
				CLANG_WARN_DOCUMENTATION_COMMENTS = YES;
				CLANG_WARN_EMPTY_BODY = YES;
				CLANG_WARN_ENUM_CONVERSION = YES;
				CLANG_WARN_INFINITE_RECURSION = YES;
				CLANG_WARN_INT_CONVERSION = YES;
				CLANG_WARN_NON_LITERAL_NULL_CONVERSION = YES;
				CLANG_WARN_OBJC_LITERAL_CONVERSION = YES;
				CLANG_WARN_OBJC_ROOT_CLASS = YES_ERROR;
				CLANG_WARN_RANGE_LOOP_ANALYSIS = YES;
				CLANG_WARN_STRICT_PROTOTYPES = YES;
				CLANG_WARN_SUSPICIOUS_MOVE = YES;
				CLANG_WARN_UNGUARDED_AVAILABILITY = YES_AGGRESSIVE;
				CLANG_WARN_UNREACHABLE_CODE = YES;
				CLANG_WARN__DUPLICATE_METHOD_MATCH = YES;
				CODE_SIGN_IDENTITY = "iPhone Developer";
				COPY_PHASE_STRIP = NO;
				DEBUG_INFORMATION_FORMAT = dwarf;
				ENABLE_STRICT_OBJC_MSGSEND = YES;
				ENABLE_TESTABILITY = YES;
				GCC_C_LANGUAGE_STANDARD = gnu11;
				GCC_DYNAMIC_NO_PIC = NO;
				GCC_NO_COMMON_BLOCKS = YES;
				GCC_OPTIMIZATION_LEVEL = 0;
				GCC_PREPROCESSOR_DEFINITIONS = (
					"DEBUG=1",
					"$(inherited)",
				);
				GCC_WARN_64_TO_32_BIT_CONVERSION = YES;
				GCC_WARN_ABOUT_RETURN_TYPE = YES_ERROR;
				GCC_WARN_UNDECLARED_SELECTOR = YES;
				GCC_WARN_UNINITIALIZED_AUTOS = YES_AGGRESSIVE;
				GCC_WARN_UNUSED_FUNCTION = YES;
				GCC_WARN_UNUSED_VARIABLE = YES;
				IPHONEOS_DEPLOYMENT_TARGET = 8.0;
				MTL_ENABLE_DEBUG_INFO = YES;
				ONLY_ACTIVE_ARCH = YES;
				SDKROOT = iphoneos;
			};
			name = Debug;
		};
		F595679F1FAB4AD20068A04F /* Release */ = {
			isa = XCBuildConfiguration;
			buildSettings = {
				ALWAYS_SEARCH_USER_PATHS = NO;
				CLANG_ANALYZER_NONNULL = YES;
				CLANG_ANALYZER_NUMBER_OBJECT_CONVERSION = YES_AGGRESSIVE;
				CLANG_CXX_LANGUAGE_STANDARD = "gnu++14";
				CLANG_CXX_LIBRARY = "libc++";
				CLANG_ENABLE_MODULES = YES;
				CLANG_ENABLE_OBJC_ARC = YES;
				CLANG_WARN_BLOCK_CAPTURE_AUTORELEASING = YES;
				CLANG_WARN_BOOL_CONVERSION = YES;
				CLANG_WARN_COMMA = YES;
				CLANG_WARN_CONSTANT_CONVERSION = YES;
				CLANG_WARN_DIRECT_OBJC_ISA_USAGE = YES_ERROR;
				CLANG_WARN_DOCUMENTATION_COMMENTS = YES;
				CLANG_WARN_EMPTY_BODY = YES;
				CLANG_WARN_ENUM_CONVERSION = YES;
				CLANG_WARN_INFINITE_RECURSION = YES;
				CLANG_WARN_INT_CONVERSION = YES;
				CLANG_WARN_NON_LITERAL_NULL_CONVERSION = YES;
				CLANG_WARN_OBJC_LITERAL_CONVERSION = YES;
				CLANG_WARN_OBJC_ROOT_CLASS = YES_ERROR;
				CLANG_WARN_RANGE_LOOP_ANALYSIS = YES;
				CLANG_WARN_STRICT_PROTOTYPES = YES;
				CLANG_WARN_SUSPICIOUS_MOVE = YES;
				CLANG_WARN_UNGUARDED_AVAILABILITY = YES_AGGRESSIVE;
				CLANG_WARN_UNREACHABLE_CODE = YES;
				CLANG_WARN__DUPLICATE_METHOD_MATCH = YES;
				CODE_SIGN_IDENTITY = "iPhone Developer";
				COPY_PHASE_STRIP = NO;
				DEBUG_INFORMATION_FORMAT = "dwarf-with-dsym";
				ENABLE_NS_ASSERTIONS = NO;
				ENABLE_STRICT_OBJC_MSGSEND = YES;
				GCC_C_LANGUAGE_STANDARD = gnu11;
				GCC_NO_COMMON_BLOCKS = YES;
				GCC_WARN_64_TO_32_BIT_CONVERSION = YES;
				GCC_WARN_ABOUT_RETURN_TYPE = YES_ERROR;
				GCC_WARN_UNDECLARED_SELECTOR = YES;
				GCC_WARN_UNINITIALIZED_AUTOS = YES_AGGRESSIVE;
				GCC_WARN_UNUSED_FUNCTION = YES;
				GCC_WARN_UNUSED_VARIABLE = YES;
				IPHONEOS_DEPLOYMENT_TARGET = 8.0;
				MTL_ENABLE_DEBUG_INFO = NO;
				SDKROOT = iphoneos;
				VALIDATE_PRODUCT = YES;
			};
			name = Release;
		};
		F59567A11FAB4AD20068A04F /* Debug */ = {
			isa = XCBuildConfiguration;
			baseConfigurationReference = 69B2EA328EB0A39820DDBEDC /* Pods-Demo.debug.xcconfig */;
			buildSettings = {
				ASSETCATALOG_COMPILER_APPICON_NAME = AppIcon;
				CODE_SIGN_STYLE = Automatic;
				DEVELOPMENT_TEAM = 6YQ79K846K;
				GCC_PREFIX_HEADER = Demo/Demo.pch;
				INFOPLIST_FILE = Demo/Info.plist;
				IPHONEOS_DEPLOYMENT_TARGET = 8.0;
				LD_RUNPATH_SEARCH_PATHS = "$(inherited) @executable_path/Frameworks";
				PRODUCT_BUNDLE_IDENTIFIER = chenxiaojie.GDSDK;
				PRODUCT_NAME = "$(TARGET_NAME)";
				TARGETED_DEVICE_FAMILY = 1;
			};
			name = Debug;
		};
		F59567A21FAB4AD20068A04F /* Release */ = {
			isa = XCBuildConfiguration;
			baseConfigurationReference = C1A3EC334A534427B4F75C41 /* Pods-Demo.release.xcconfig */;
			buildSettings = {
				ASSETCATALOG_COMPILER_APPICON_NAME = AppIcon;
				CODE_SIGN_STYLE = Automatic;
				DEVELOPMENT_TEAM = 6YQ79K846K;
				GCC_PREFIX_HEADER = Demo/Demo.pch;
				INFOPLIST_FILE = Demo/Info.plist;
				IPHONEOS_DEPLOYMENT_TARGET = 8.0;
				LD_RUNPATH_SEARCH_PATHS = "$(inherited) @executable_path/Frameworks";
				PRODUCT_BUNDLE_IDENTIFIER = chenxiaojie.GDSDK;
				PRODUCT_NAME = "$(TARGET_NAME)";
				TARGETED_DEVICE_FAMILY = 1;
			};
			name = Release;
		};
		F59567A41FAB4AD20068A04F /* Debug */ = {
			isa = XCBuildConfiguration;
			buildSettings = {
				BUNDLE_LOADER = "$(TEST_HOST)";
				CODE_SIGN_STYLE = Automatic;
				DEVELOPMENT_TEAM = Q792YXFN33;
				INFOPLIST_FILE = DemoTests/Info.plist;
				LD_RUNPATH_SEARCH_PATHS = "$(inherited) @executable_path/Frameworks @loader_path/Frameworks";
				PRODUCT_BUNDLE_IDENTIFIER = benben.DemoTests;
				PRODUCT_NAME = "$(TARGET_NAME)";
				TARGETED_DEVICE_FAMILY = "1,2";
				TEST_HOST = "$(BUILT_PRODUCTS_DIR)/Demo.app/Demo";
			};
			name = Debug;
		};
		F59567A51FAB4AD20068A04F /* Release */ = {
			isa = XCBuildConfiguration;
			buildSettings = {
				BUNDLE_LOADER = "$(TEST_HOST)";
				CODE_SIGN_STYLE = Automatic;
				DEVELOPMENT_TEAM = Q792YXFN33;
				INFOPLIST_FILE = DemoTests/Info.plist;
				LD_RUNPATH_SEARCH_PATHS = "$(inherited) @executable_path/Frameworks @loader_path/Frameworks";
				PRODUCT_BUNDLE_IDENTIFIER = benben.DemoTests;
				PRODUCT_NAME = "$(TARGET_NAME)";
				TARGETED_DEVICE_FAMILY = "1,2";
				TEST_HOST = "$(BUILT_PRODUCTS_DIR)/Demo.app/Demo";
			};
			name = Release;
		};
		F59567A71FAB4AD20068A04F /* Debug */ = {
			isa = XCBuildConfiguration;
			buildSettings = {
				CODE_SIGN_STYLE = Automatic;
				DEVELOPMENT_TEAM = Q792YXFN33;
				INFOPLIST_FILE = DemoUITests/Info.plist;
				LD_RUNPATH_SEARCH_PATHS = "$(inherited) @executable_path/Frameworks @loader_path/Frameworks";
				PRODUCT_BUNDLE_IDENTIFIER = benben.DemoUITests;
				PRODUCT_NAME = "$(TARGET_NAME)";
				TARGETED_DEVICE_FAMILY = "1,2";
				TEST_TARGET_NAME = Demo;
			};
			name = Debug;
		};
		F59567A81FAB4AD20068A04F /* Release */ = {
			isa = XCBuildConfiguration;
			buildSettings = {
				CODE_SIGN_STYLE = Automatic;
				DEVELOPMENT_TEAM = Q792YXFN33;
				INFOPLIST_FILE = DemoUITests/Info.plist;
				LD_RUNPATH_SEARCH_PATHS = "$(inherited) @executable_path/Frameworks @loader_path/Frameworks";
				PRODUCT_BUNDLE_IDENTIFIER = benben.DemoUITests;
				PRODUCT_NAME = "$(TARGET_NAME)";
				TARGETED_DEVICE_FAMILY = "1,2";
				TEST_TARGET_NAME = Demo;
			};
			name = Release;
		};
/* End XCBuildConfiguration section */

/* Begin XCConfigurationList section */
		F595676F1FAB4AD20068A04F /* Build configuration list for PBXProject "Demo" */ = {
			isa = XCConfigurationList;
			buildConfigurations = (
				F595679E1FAB4AD20068A04F /* Debug */,
				F595679F1FAB4AD20068A04F /* Release */,
			);
			defaultConfigurationIsVisible = 0;
			defaultConfigurationName = Release;
		};
		F59567A01FAB4AD20068A04F /* Build configuration list for PBXNativeTarget "Demo" */ = {
			isa = XCConfigurationList;
			buildConfigurations = (
				F59567A11FAB4AD20068A04F /* Debug */,
				F59567A21FAB4AD20068A04F /* Release */,
			);
			defaultConfigurationIsVisible = 0;
			defaultConfigurationName = Release;
		};
		F59567A31FAB4AD20068A04F /* Build configuration list for PBXNativeTarget "DemoTests" */ = {
			isa = XCConfigurationList;
			buildConfigurations = (
				F59567A41FAB4AD20068A04F /* Debug */,
				F59567A51FAB4AD20068A04F /* Release */,
			);
			defaultConfigurationIsVisible = 0;
			defaultConfigurationName = Release;
		};
		F59567A61FAB4AD20068A04F /* Build configuration list for PBXNativeTarget "DemoUITests" */ = {
			isa = XCConfigurationList;
			buildConfigurations = (
				F59567A71FAB4AD20068A04F /* Debug */,
				F59567A81FAB4AD20068A04F /* Release */,
			);
			defaultConfigurationIsVisible = 0;
			defaultConfigurationName = Release;
		};
/* End XCConfigurationList section */
	};
	rootObject = F595676C1FAB4AD20068A04F /* Project object */;
}
