// !$*UTF8*$!
{
	archiveVersion = 1;
	classes = {
	};
	objectVersion = 48;
	objects = {

/* Begin PBXBuildFile section */
		F59567791FAB4AD20068A04F /* AppDelegate.m in Sources */ = {isa = PBXBuildFile; fileRef = F59567781FAB4AD20068A04F /* AppDelegate.m */; };
		F595677C1FAB4AD20068A04F /* ViewController.m in Sources */ = {isa = PBXBuildFile; fileRef = F595677B1FAB4AD20068A04F /* ViewController.m */; };
		F595677F1FAB4AD20068A04F /* Main.storyboard in Resources */ = {isa = PBXBuildFile; fileRef = F595677D1FAB4AD20068A04F /* Main.storyboard */; };
		F59567811FAB4AD20068A04F /* Assets.xcassets in Resources */ = {isa = PBXBuildFile; fileRef = F59567801FAB4AD20068A04F /* Assets.xcassets */; };
		F59567841FAB4AD20068A04F /* LaunchScreen.storyboard in Resources */ = {isa = PBXBuildFile; fileRef = F59567821FAB4AD20068A04F /* LaunchScreen.storyboard */; };
		F59567871FAB4AD20068A04F /* main.m in Sources */ = {isa = PBXBuildFile; fileRef = F59567861FAB4AD20068A04F /* main.m */; };
		F59567911FAB4AD20068A04F /* DemoTests.m in Sources */ = {isa = PBXBuildFile; fileRef = F59567901FAB4AD20068A04F /* DemoTests.m */; };
		F595679C1FAB4AD20068A04F /* DemoUITests.m in Sources */ = {isa = PBXBuildFile; fileRef = F595679B1FAB4AD20068A04F /* DemoUITests.m */; };
		F59567AB1FAB4AE60068A04F /* Person.m in Sources */ = {isa = PBXBuildFile; fileRef = F59567AA1FAB4AE60068A04F /* Person.m */; };
		F59567AE1FAB4AFE0068A04F /* Country.m in Sources */ = {isa = PBXBuildFile; fileRef = F59567AD1FAB4AFE0068A04F /* Country.m */; };
/* End PBXBuildFile section */

/* Begin PBXContainerItemProxy section */
		F595678D1FAB4AD20068A04F /* PBXContainerItemProxy */ = {
			isa = PBXContainerItemProxy;
			containerPortal = F595676C1FAB4AD20068A04F /* Project object */;
			proxyType = 1;
			remoteGlobalIDString = F59567731FAB4AD20068A04F;
			remoteInfo = Demo;
		};
		F59567981FAB4AD20068A04F /* PBXContainerItemProxy */ = {
			isa = PBXContainerItemProxy;
			containerPortal = F595676C1FAB4AD20068A04F /* Project object */;
			proxyType = 1;
			remoteGlobalIDString = F59567731FAB4AD20068A04F;
			remoteInfo = Demo;
		};
/* End PBXContainerItemProxy section */

/* Begin PBXFileReference section */
		F59567741FAB4AD20068A04F /* Demo.app */ = {isa = PBXFileReference; explicitFileType = wrapper.application; includeInIndex = 0; path = Demo.app; sourceTree = BUILT_PRODUCTS_DIR; };
		F59567771FAB4AD20068A04F /* AppDelegate.h */ = {isa = PBXFileReference; lastKnownFileType = sourcecode.c.h; path = AppDelegate.h; sourceTree = "<group>"; };
		F59567781FAB4AD20068A04F /* AppDelegate.m */ = {isa = PBXFileReference; lastKnownFileType = sourcecode.c.objc; path = AppDelegate.m; sourceTree = "<group>"; };
		F595677A1FAB4AD20068A04F /* ViewController.h */ = {isa = PBXFileReference; lastKnownFileType = sourcecode.c.h; path = ViewController.h; sourceTree = "<group>"; };
		F595677B1FAB4AD20068A04F /* ViewController.m */ = {isa = PBXFileReference; lastKnownFileType = sourcecode.c.objc; path = ViewController.m; sourceTree = "<group>"; };
		F595677E1FAB4AD20068A04F /* Base */ = {isa = PBXFileReference; lastKnownFileType = file.storyboard; name = Base; path = Base.lproj/Main.storyboard; sourceTree = "<group>"; };
		F59567801FAB4AD20068A04F /* Assets.xcassets */ = {isa = PBXFileReference; lastKnownFileType = folder.assetcatalog; path = Assets.xcassets; sourceTree = "<group>"; };
		F59567831FAB4AD20068A04F /* Base */ = {isa = PBXFileReference; lastKnownFileType = file.storyboard; name = Base; path = Base.lproj/LaunchScreen.storyboard; sourceTree = "<group>"; };
		F59567851FAB4AD20068A04F /* Info.plist */ = {isa = PBXFileReference; lastKnownFileType = text.plist.xml; path = Info.plist; sourceTree = "<group>"; };
		F59567861FAB4AD20068A04F /* main.m */ = {isa = PBXFileReference; lastKnownFileType = sourcecode.c.objc; path = main.m; sourceTree = "<group>"; };
		F595678C1FAB4AD20068A04F /* DemoTests.xctest */ = {isa = PBXFileReference; explicitFileType = wrapper.cfbundle; includeInIndex = 0; path = DemoTests.xctest; sourceTree = BUILT_PRODUCTS_DIR; };
		F59567901FAB4AD20068A04F /* DemoTests.m */ = {isa = PBXFileReference; lastKnownFileType = sourcecode.c.objc; path = DemoTests.m; sourceTree = "<group>"; };
		F59567921FAB4AD20068A04F /* Info.plist */ = {isa = PBXFileReference; lastKnownFileType = text.plist.xml; path = Info.plist; sourceTree = "<group>"; };
		F59567971FAB4AD20068A04F /* DemoUITests.xctest */ = {isa = PBXFileReference; explicitFileType = wrapper.cfbundle; includeInIndex = 0; path = DemoUITests.xctest; sourceTree = BUILT_PRODUCTS_DIR; };
		F595679B1FAB4AD20068A04F /* DemoUITests.m */ = {isa = PBXFileReference; lastKnownFileType = sourcecode.c.objc; path = DemoUITests.m; sourceTree = "<group>"; };
		F595679D1FAB4AD20068A04F /* Info.plist */ = {isa = PBXFileReference; lastKnownFileType = text.plist.xml; path = Info.plist; sourceTree = "<group>"; };
		F59567A91FAB4AE60068A04F /* Person.h */ = {isa = PBXFileReference; lastKnownFileType = sourcecode.c.h; path = Person.h; sourceTree = "<group>"; };
		F59567AA1FAB4AE60068A04F /* Person.m */ = {isa = PBXFileReference; lastKnownFileType = sourcecode.c.objc; path = Person.m; sourceTree = "<group>"; };
		F59567AC1FAB4AFE0068A04F /* Country.h */ = {isa = PBXFileReference; lastKnownFileType = sourcecode.c.h; path = Country.h; sourceTree = "<group>"; };
		F59567AD1FAB4AFE0068A04F /* Country.m */ = {isa = PBXFileReference; lastKnownFileType = sourcecode.c.objc; path = Country.m; sourceTree = "<group>"; };
/* End PBXFileReference section */

/* Begin PBXFrameworksBuildPhase section */
		F59567711FAB4AD20068A04F /* Frameworks */ = {
			isa = PBXFrameworksBuildPhase;
			buildActionMask = 2147483647;
			files = (
			);
			runOnlyForDeploymentPostprocessing = 0;
		};
		F59567891FAB4AD20068A04F /* Frameworks */ = {
			isa = PBXFrameworksBuildPhase;
			buildActionMask = 2147483647;
			files = (
			);
			runOnlyForDeploymentPostprocessing = 0;
		};
		F59567941FAB4AD20068A04F /* Frameworks */ = {
			isa = PBXFrameworksBuildPhase;
			buildActionMask = 2147483647;
			files = (
			);
			runOnlyForDeploymentPostprocessing = 0;
		};
/* End PBXFrameworksBuildPhase section */

/* Begin PBXGroup section */
		F595676B1FAB4AD20068A04F = {
			isa = PBXGroup;
			children = (
				F59567761FAB4AD20068A04F /* Demo */,
				F595678F1FAB4AD20068A04F /* DemoTests */,
				F595679A1FAB4AD20068A04F /* DemoUITests */,
				F59567751FAB4AD20068A04F /* Products */,
			);
			sourceTree = "<group>";
		};
		F59567751FAB4AD20068A04F /* Products */ = {
			isa = PBXGroup;
			children = (
				F59567741FAB4AD20068A04F /* Demo.app */,
				F595678C1FAB4AD20068A04F /* DemoTests.xctest */,
				F59567971FAB4AD20068A04F /* DemoUITests.xctest */,
			);
			name = Products;
			sourceTree = "<group>";
		};
		F59567761FAB4AD20068A04F /* Demo */ = {
			isa = PBXGroup;
			children = (
				F59567771FAB4AD20068A04F /* AppDelegate.h */,
				F59567781FAB4AD20068A04F /* AppDelegate.m */,
				F595677A1FAB4AD20068A04F /* ViewController.h */,
				F595677B1FAB4AD20068A04F /* ViewController.m */,
				F59567A91FAB4AE60068A04F /* Person.h */,
				F59567AA1FAB4AE60068A04F /* Person.m */,
				F59567AC1FAB4AFE0068A04F /* Country.h */,
				F59567AD1FAB4AFE0068A04F /* Country.m */,
				F595677D1FAB4AD20068A04F /* Main.storyboard */,
				F59567801FAB4AD20068A04F /* Assets.xcassets */,
				F59567821FAB4AD20068A04F /* LaunchScreen.storyboard */,
				F59567851FAB4AD20068A04F /* Info.plist */,
				F59567861FAB4AD20068A04F /* main.m */,
			);
			path = Demo;
			sourceTree = "<group>";
		};
		F595678F1FAB4AD20068A04F /* DemoTests */ = {
			isa = PBXGroup;
			children = (
				F59567901FAB4AD20068A04F /* DemoTests.m */,
				F59567921FAB4AD20068A04F /* Info.plist */,
			);
			path = DemoTests;
			sourceTree = "<group>";
		};
		F595679A1FAB4AD20068A04F /* DemoUITests */ = {
			isa = PBXGroup;
			children = (
				F595679B1FAB4AD20068A04F /* DemoUITests.m */,
				F595679D1FAB4AD20068A04F /* Info.plist */,
			);
			path = DemoUITests;
			sourceTree = "<group>";
		};
/* End PBXGroup section */

/* Begin PBXNativeTarget section */
		F59567731FAB4AD20068A04F /* Demo */ = {
			isa = PBXNativeTarget;
			buildConfigurationList = F59567A01FAB4AD20068A04F /* Build configuration list for PBXNativeTarget "Demo" */;
			buildPhases = (
				F59567701FAB4AD20068A04F /* Sources */,
				F59567711FAB4AD20068A04F /* Frameworks */,
				F59567721FAB4AD20068A04F /* Resources */,
			);
			buildRules = (
			);
			dependencies = (
			);
			name = Demo;
			productName = Demo;
			productReference = F59567741FAB4AD20068A04F /* Demo.app */;
			productType = "com.apple.product-type.application";
		};
		F595678B1FAB4AD20068A04F /* DemoTests */ = {
			isa = PBXNativeTarget;
			buildConfigurationList = F59567A31FAB4AD20068A04F /* Build configuration list for PBXNativeTarget "DemoTests" */;
			buildPhases = (
				F59567881FAB4AD20068A04F /* Sources */,
				F59567891FAB4AD20068A04F /* Frameworks */,
				F595678A1FAB4AD20068A04F /* Resources */,
			);
			buildRules = (
			);
			dependencies = (
				F595678E1FAB4AD20068A04F /* PBXTargetDependency */,
			);
			name = DemoTests;
			productName = DemoTests;
			productReference = F595678C1FAB4AD20068A04F /* DemoTests.xctest */;
			productType = "com.apple.product-type.bundle.unit-test";
		};
		F59567961FAB4AD20068A04F /* DemoUITests */ = {
			isa = PBXNativeTarget;
			buildConfigurationList = F59567A61FAB4AD20068A04F /* Build configuration list for PBXNativeTarget "DemoUITests" */;
			buildPhases = (
				F59567931FAB4AD20068A04F /* Sources */,
				F59567941FAB4AD20068A04F /* Frameworks */,
				F59567951FAB4AD20068A04F /* Resources */,
			);
			buildRules = (
			);
			dependencies = (
				F59567991FAB4AD20068A04F /* PBXTargetDependency */,
			);
			name = DemoUITests;
			productName = DemoUITests;
			productReference = F59567971FAB4AD20068A04F /* DemoUITests.xctest */;
			productType = "com.apple.product-type.bundle.ui-testing";
		};
/* End PBXNativeTarget section */

/* Begin PBXProject section */
		F595676C1FAB4AD20068A04F /* Project object */ = {
			isa = PBXProject;
			attributes = {
				LastUpgradeCheck = 0910;
				ORGANIZATIONNAME = ChenJie;
				TargetAttributes = {
					F59567731FAB4AD20068A04F = {
						CreatedOnToolsVersion = 9.1;
						ProvisioningStyle = Automatic;
					};
					F595678B1FAB4AD20068A04F = {
						CreatedOnToolsVersion = 9.1;
						ProvisioningStyle = Automatic;
						TestTargetID = F59567731FAB4AD20068A04F;
					};
					F59567961FAB4AD20068A04F = {
						CreatedOnToolsVersion = 9.1;
						ProvisioningStyle = Automatic;
						TestTargetID = F59567731FAB4AD20068A04F;
					};
				};
			};
			buildConfigurationList = F595676F1FAB4AD20068A04F /* Build configuration list for PBXProject "Demo" */;
			compatibilityVersion = "Xcode 8.0";
			developmentRegion = en;
			hasScannedForEncodings = 0;
			knownRegions = (
				en,
				Base,
			);
			mainGroup = F595676B1FAB4AD20068A04F;
			productRefGroup = F59567751FAB4AD20068A04F /* Products */;
			projectDirPath = "";
			projectRoot = "";
			targets = (
				F59567731FAB4AD20068A04F /* Demo */,
				F595678B1FAB4AD20068A04F /* DemoTests */,
				F59567961FAB4AD20068A04F /* DemoUITests */,
			);
		};
/* End PBXProject section */

/* Begin PBXResourcesBuildPhase section */
		F59567721FAB4AD20068A04F /* Resources */ = {
			isa = PBXResourcesBuildPhase;
			buildActionMask = 2147483647;
			files = (
				F59567841FAB4AD20068A04F /* LaunchScreen.storyboard in Resources */,
				F59567811FAB4AD20068A04F /* Assets.xcassets in Resources */,
				F595677F1FAB4AD20068A04F /* Main.storyboard in Resources */,
			);
			runOnlyForDeploymentPostprocessing = 0;
		};
		F595678A1FAB4AD20068A04F /* Resources */ = {
			isa = PBXResourcesBuildPhase;
			buildActionMask = 2147483647;
			files = (
			);
			runOnlyForDeploymentPostprocessing = 0;
		};
		F59567951FAB4AD20068A04F /* Resources */ = {
			isa = PBXResourcesBuildPhase;
			buildActionMask = 2147483647;
			files = (
			);
			runOnlyForDeploymentPostprocessing = 0;
		};
/* End PBXResourcesBuildPhase section */

/* Begin PBXSourcesBuildPhase section */
		F59567701FAB4AD20068A04F /* Sources */ = {
			isa = PBXSourcesBuildPhase;
			buildActionMask = 2147483647;
			files = (
				F595677C1FAB4AD20068A04F /* ViewController.m in Sources */,
				F59567871FAB4AD20068A04F /* main.m in Sources */,
				F59567AB1FAB4AE60068A04F /* Person.m in Sources */,
				F59567791FAB4AD20068A04F /* AppDelegate.m in Sources */,
				F59567AE1FAB4AFE0068A04F /* Country.m in Sources */,
			);
			runOnlyForDeploymentPostprocessing = 0;
		};
		F59567881FAB4AD20068A04F /* Sources */ = {
			isa = PBXSourcesBuildPhase;
			buildActionMask = 2147483647;
			files = (
				F59567911FAB4AD20068A04F /* DemoTests.m in Sources */,
			);
			runOnlyForDeploymentPostprocessing = 0;
		};
		F59567931FAB4AD20068A04F /* Sources */ = {
			isa = PBXSourcesBuildPhase;
			buildActionMask = 2147483647;
			files = (
				F595679C1FAB4AD20068A04F /* DemoUITests.m in Sources */,
			);
			runOnlyForDeploymentPostprocessing = 0;
		};
/* End PBXSourcesBuildPhase section */

/* Begin PBXTargetDependency section */
		F595678E1FAB4AD20068A04F /* PBXTargetDependency */ = {
			isa = PBXTargetDependency;
			target = F59567731FAB4AD20068A04F /* Demo */;
			targetProxy = F595678D1FAB4AD20068A04F /* PBXContainerItemProxy */;
		};
		F59567991FAB4AD20068A04F /* PBXTargetDependency */ = {
			isa = PBXTargetDependency;
			target = F59567731FAB4AD20068A04F /* Demo */;
			targetProxy = F59567981FAB4AD20068A04F /* PBXContainerItemProxy */;
		};
/* End PBXTargetDependency section */

/* Begin PBXVariantGroup section */
		F595677D1FAB4AD20068A04F /* Main.storyboard */ = {
			isa = PBXVariantGroup;
			children = (
				F595677E1FAB4AD20068A04F /* Base */,
			);
			name = Main.storyboard;
			sourceTree = "<group>";
		};
		F59567821FAB4AD20068A04F /* LaunchScreen.storyboard */ = {
			isa = PBXVariantGroup;
			children = (
				F59567831FAB4AD20068A04F /* Base */,
			);
			name = LaunchScreen.storyboard;
			sourceTree = "<group>";
		};
/* End PBXVariantGroup section */

/* Begin XCBuildConfiguration section */
		F595679E1FAB4AD20068A04F /* Debug */ = {
			isa = XCBuildConfiguration;
			buildSettings = {
				ALWAYS_SEARCH_USER_PATHS = NO;
				CLANG_ANALYZER_NONNULL = YES;
				CLANG_ANALYZER_NUMBER_OBJECT_CONVERSION = YES_AGGRESSIVE;
				CLANG_CXX_LANGUAGE_STANDARD = "gnu++14";
				CLANG_CXX_LIBRARY = "libc++";
				CLANG_ENABLE_MODULES = YES;
				CLANG_ENABLE_OBJC_ARC = YES;
				CLANG_WARN_BLOCK_CAPTURE_AUTORELEASING = YES;
				CLANG_WARN_BOOL_CONVERSION = YES;
				CLANG_WARN_COMMA = YES;
				CLANG_WARN_CONSTANT_CONVERSION = YES;
				CLANG_WARN_DIRECT_OBJC_ISA_USAGE = YES_ERROR;
				CLANG_WARN_DOCUMENTATION_COMMENTS = YES;
				CLANG_WARN_EMPTY_BODY = YES;
				CLANG_WARN_ENUM_CONVERSION = YES;
				CLANG_WARN_INFINITE_RECURSION = YES;
				CLANG_WARN_INT_CONVERSION = YES;
				CLANG_WARN_NON_LITERAL_NULL_CONVERSION = YES;
				CLANG_WARN_OBJC_LITERAL_CONVERSION = YES;
				CLANG_WARN_OBJC_ROOT_CLASS = YES_ERROR;
				CLANG_WARN_RANGE_LOOP_ANALYSIS = YES;
				CLANG_WARN_STRICT_PROTOTYPES = YES;
				CLANG_WARN_SUSPICIOUS_MOVE = YES;
				CLANG_WARN_UNGUARDED_AVAILABILITY = YES_AGGRESSIVE;
				CLANG_WARN_UNREACHABLE_CODE = YES;
				CLANG_WARN__DUPLICATE_METHOD_MATCH = YES;
				CODE_SIGN_IDENTITY = "iPhone Developer";
				COPY_PHASE_STRIP = NO;
				DEBUG_INFORMATION_FORMAT = dwarf;
				ENABLE_STRICT_OBJC_MSGSEND = YES;
				ENABLE_TESTABILITY = YES;
				GCC_C_LANGUAGE_STANDARD = gnu11;
				GCC_DYNAMIC_NO_PIC = NO;
				GCC_NO_COMMON_BLOCKS = YES;
				GCC_OPTIMIZATION_LEVEL = 0;
				GCC_PREPROCESSOR_DEFINITIONS = (
					"DEBUG=1",
					"$(inherited)",
				);
				GCC_WARN_64_TO_32_BIT_CONVERSION = YES;
				GCC_WARN_ABOUT_RETURN_TYPE = YES_ERROR;
				GCC_WARN_UNDECLARED_SELECTOR = YES;
				GCC_WARN_UNINITIALIZED_AUTOS = YES_AGGRESSIVE;
				GCC_WARN_UNUSED_FUNCTION = YES;
				GCC_WARN_UNUSED_VARIABLE = YES;
				IPHONEOS_DEPLOYMENT_TARGET = 9.0;
				MTL_ENABLE_DEBUG_INFO = YES;
				ONLY_ACTIVE_ARCH = YES;
				SDKROOT = iphoneos;
			};
			name = Debug;
		};
		F595679F1FAB4AD20068A04F /* Release */ = {
			isa = XCBuildConfiguration;
			buildSettings = {
				ALWAYS_SEARCH_USER_PATHS = NO;
				CLANG_ANALYZER_NONNULL = YES;
				CLANG_ANALYZER_NUMBER_OBJECT_CONVERSION = YES_AGGRESSIVE;
				CLANG_CXX_LANGUAGE_STANDARD = "gnu++14";
				CLANG_CXX_LIBRARY = "libc++";
				CLANG_ENABLE_MODULES = YES;
				CLANG_ENABLE_OBJC_ARC = YES;
				CLANG_WARN_BLOCK_CAPTURE_AUTORELEASING = YES;
				CLANG_WARN_BOOL_CONVERSION = YES;
				CLANG_WARN_COMMA = YES;
				CLANG_WARN_CONSTANT_CONVERSION = YES;
				CLANG_WARN_DIRECT_OBJC_ISA_USAGE = YES_ERROR;
				CLANG_WARN_DOCUMENTATION_COMMENTS = YES;
				CLANG_WARN_EMPTY_BODY = YES;
				CLANG_WARN_ENUM_CONVERSION = YES;
				CLANG_WARN_INFINITE_RECURSION = YES;
				CLANG_WARN_INT_CONVERSION = YES;
				CLANG_WARN_NON_LITERAL_NULL_CONVERSION = YES;
				CLANG_WARN_OBJC_LITERAL_CONVERSION = YES;
				CLANG_WARN_OBJC_ROOT_CLASS = YES_ERROR;
				CLANG_WARN_RANGE_LOOP_ANALYSIS = YES;
				CLANG_WARN_STRICT_PROTOTYPES = YES;
				CLANG_WARN_SUSPICIOUS_MOVE = YES;
				CLANG_WARN_UNGUARDED_AVAILABILITY = YES_AGGRESSIVE;
				CLANG_WARN_UNREACHABLE_CODE = YES;
				CLANG_WARN__DUPLICATE_METHOD_MATCH = YES;
				CODE_SIGN_IDENTITY = "iPhone Developer";
				COPY_PHASE_STRIP = NO;
				DEBUG_INFORMATION_FORMAT = "dwarf-with-dsym";
				ENABLE_NS_ASSERTIONS = NO;
				ENABLE_STRICT_OBJC_MSGSEND = YES;
				GCC_C_LANGUAGE_STANDARD = gnu11;
				GCC_NO_COMMON_BLOCKS = YES;
				GCC_WARN_64_TO_32_BIT_CONVERSION = YES;
				GCC_WARN_ABOUT_RETURN_TYPE = YES_ERROR;
				GCC_WARN_UNDECLARED_SELECTOR = YES;
				GCC_WARN_UNINITIALIZED_AUTOS = YES_AGGRESSIVE;
				GCC_WARN_UNUSED_FUNCTION = YES;
				GCC_WARN_UNUSED_VARIABLE = YES;
				IPHONEOS_DEPLOYMENT_TARGET = 9.0;
				MTL_ENABLE_DEBUG_INFO = NO;
				SDKROOT = iphoneos;
				VALIDATE_PRODUCT = YES;
			};
			name = Release;
		};
		F59567A11FAB4AD20068A04F /* Debug */ = {
			isa = XCBuildConfiguration;
			buildSettings = {
				ASSETCATALOG_COMPILER_APPICON_NAME = AppIcon;
				CODE_SIGN_STYLE = Automatic;
				DEVELOPMENT_TEAM = 6YQ79K846K;
				INFOPLIST_FILE = Demo/Info.plist;
				LD_RUNPATH_SEARCH_PATHS = "$(inherited) @executable_path/Frameworks";
				PRODUCT_BUNDLE_IDENTIFIER = benben.Demo;
				PRODUCT_NAME = "$(TARGET_NAME)";
				TARGETED_DEVICE_FAMILY = "1,2";
			};
			name = Debug;
		};
		F59567A21FAB4AD20068A04F /* Release */ = {
			isa = XCBuildConfiguration;
			buildSettings = {
				ASSETCATALOG_COMPILER_APPICON_NAME = AppIcon;
				CODE_SIGN_STYLE = Automatic;
				DEVELOPMENT_TEAM = 6YQ79K846K;
				INFOPLIST_FILE = Demo/Info.plist;
				LD_RUNPATH_SEARCH_PATHS = "$(inherited) @executable_path/Frameworks";
				PRODUCT_BUNDLE_IDENTIFIER = benben.Demo;
				PRODUCT_NAME = "$(TARGET_NAME)";
				TARGETED_DEVICE_FAMILY = "1,2";
			};
			name = Release;
		};
		F59567A41FAB4AD20068A04F /* Debug */ = {
			isa = XCBuildConfiguration;
			buildSettings = {
				BUNDLE_LOADER = "$(TEST_HOST)";
				CODE_SIGN_STYLE = Automatic;
				DEVELOPMENT_TEAM = Q792YXFN33;
				INFOPLIST_FILE = DemoTests/Info.plist;
				LD_RUNPATH_SEARCH_PATHS = "$(inherited) @executable_path/Frameworks @loader_path/Frameworks";
				PRODUCT_BUNDLE_IDENTIFIER = benben.DemoTests;
				PRODUCT_NAME = "$(TARGET_NAME)";
				TARGETED_DEVICE_FAMILY = "1,2";
				TEST_HOST = "$(BUILT_PRODUCTS_DIR)/Demo.app/Demo";
			};
			name = Debug;
		};
		F59567A51FAB4AD20068A04F /* Release */ = {
			isa = XCBuildConfiguration;
			buildSettings = {
				BUNDLE_LOADER = "$(TEST_HOST)";
				CODE_SIGN_STYLE = Automatic;
				DEVELOPMENT_TEAM = Q792YXFN33;
				INFOPLIST_FILE = DemoTests/Info.plist;
				LD_RUNPATH_SEARCH_PATHS = "$(inherited) @executable_path/Frameworks @loader_path/Frameworks";
				PRODUCT_BUNDLE_IDENTIFIER = benben.DemoTests;
				PRODUCT_NAME = "$(TARGET_NAME)";
				TARGETED_DEVICE_FAMILY = "1,2";
				TEST_HOST = "$(BUILT_PRODUCTS_DIR)/Demo.app/Demo";
			};
			name = Release;
		};
		F59567A71FAB4AD20068A04F /* Debug */ = {
			isa = XCBuildConfiguration;
			buildSettings = {
				CODE_SIGN_STYLE = Automatic;
				DEVELOPMENT_TEAM = Q792YXFN33;
				INFOPLIST_FILE = DemoUITests/Info.plist;
				LD_RUNPATH_SEARCH_PATHS = "$(inherited) @executable_path/Frameworks @loader_path/Frameworks";
				PRODUCT_BUNDLE_IDENTIFIER = benben.DemoUITests;
				PRODUCT_NAME = "$(TARGET_NAME)";
				TARGETED_DEVICE_FAMILY = "1,2";
				TEST_TARGET_NAME = Demo;
			};
			name = Debug;
		};
		F59567A81FAB4AD20068A04F /* Release */ = {
			isa = XCBuildConfiguration;
			buildSettings = {
				CODE_SIGN_STYLE = Automatic;
				DEVELOPMENT_TEAM = Q792YXFN33;
				INFOPLIST_FILE = DemoUITests/Info.plist;
				LD_RUNPATH_SEARCH_PATHS = "$(inherited) @executable_path/Frameworks @loader_path/Frameworks";
				PRODUCT_BUNDLE_IDENTIFIER = benben.DemoUITests;
				PRODUCT_NAME = "$(TARGET_NAME)";
				TARGETED_DEVICE_FAMILY = "1,2";
				TEST_TARGET_NAME = Demo;
			};
			name = Release;
		};
/* End XCBuildConfiguration section */

/* Begin XCConfigurationList section */
		F595676F1FAB4AD20068A04F /* Build configuration list for PBXProject "Demo" */ = {
			isa = XCConfigurationList;
			buildConfigurations = (
				F595679E1FAB4AD20068A04F /* Debug */,
				F595679F1FAB4AD20068A04F /* Release */,
			);
			defaultConfigurationIsVisible = 0;
			defaultConfigurationName = Release;
		};
		F59567A01FAB4AD20068A04F /* Build configuration list for PBXNativeTarget "Demo" */ = {
			isa = XCConfigurationList;
			buildConfigurations = (
				F59567A11FAB4AD20068A04F /* Debug */,
				F59567A21FAB4AD20068A04F /* Release */,
			);
			defaultConfigurationIsVisible = 0;
			defaultConfigurationName = Release;
		};
		F59567A31FAB4AD20068A04F /* Build configuration list for PBXNativeTarget "DemoTests" */ = {
			isa = XCConfigurationList;
			buildConfigurations = (
				F59567A41FAB4AD20068A04F /* Debug */,
				F59567A51FAB4AD20068A04F /* Release */,
			);
			defaultConfigurationIsVisible = 0;
			defaultConfigurationName = Release;
		};
		F59567A61FAB4AD20068A04F /* Build configuration list for PBXNativeTarget "DemoUITests" */ = {
			isa = XCConfigurationList;
			buildConfigurations = (
				F59567A71FAB4AD20068A04F /* Debug */,
				F59567A81FAB4AD20068A04F /* Release */,
			);
			defaultConfigurationIsVisible = 0;
			defaultConfigurationName = Release;
		};
/* End XCConfigurationList section */
	};
	rootObject = F595676C1FAB4AD20068A04F /* Project object */;
}
